<?xml version="1.0" encoding="utf-8"?>
<Project ToolsVersion="4.0" xmlns="http://schemas.microsoft.com/developer/msbuild/2003">
  <ItemGroup>
    <Filter Include="Source Files">
      <UniqueIdentifier>{4FC737F1-C7A5-4376-A066-2A32D752A2FF}</UniqueIdentifier>
      <Extensions>cpp;c;cc;cxx;c++;cppm;ixx;def;odl;idl;hpj;bat;asm;asmx</Extensions>
    </Filter>
    <Filter Include="Header Files">
      <UniqueIdentifier>{93995380-89BD-4b04-88EB-625FBE52EBFB}</UniqueIdentifier>
      <Extensions>h;hh;hpp;hxx;h++;hm;inl;inc;ipp;xsd</Extensions>
    </Filter>
    <Filter Include="Resource Files">
      <UniqueIdentifier>{67DA6AB6-F800-4c08-8B7A-83BB121AAD01}</UniqueIdentifier>
      <Extensions>rc;ico;cur;bmp;dlg;rc2;rct;bin;rgs;gif;jpg;jpeg;jpe;resx;tiff;tif;png;wav;mfcribbon-ms</Extensions>
    </Filter>
  </ItemGroup>
  <ItemGroup>
    <ClInclude Include="CaseContentCreatorBase.h">
      <Filter>Header Files</Filter>
    </ClInclude>
    <ClInclude Include="CaseDoc.h">
      <Filter>Header Files</Filter>
    </ClInclude>
    <ClInclude Include="CaseFrame.h">
      <Filter>Header Files</Filter>
    </ClInclude>
    <ClInclude Include="CaseHoldingDoc.h">
      <Filter>Header Files</Filter>
    </ClInclude>
    <ClInclude Include="CaseHoldingFrame.h">
      <Filter>Header Files</Filter>
    </ClInclude>
    <ClInclude Include="CaseHtmlContentCreator.h">
      <Filter>Header Files</Filter>
    </ClInclude>
    <ClInclude Include="CaseHtmlContentCreatorSettings.h">
      <Filter>Header Files</Filter>
    </ClInclude>
    <ClInclude Include="CaseJsonContentCreator.h">
      <Filter>Header Files</Filter>
    </ClInclude>
    <ClInclude Include="CaseJsonContentCreatorSettings.h">
      <Filter>Header Files</Filter>
    </ClInclude>
    <ClInclude Include="CaseListingView.h">
      <Filter>Header Files</Filter>
    </ClInclude>
    <ClInclude Include="CaseProvider.h">
      <Filter>Header Files</Filter>
    </ClInclude>
    <ClInclude Include="CaseQuestionnaireContentCreator.h">
      <Filter>Header Files</Filter>
    </ClInclude>
    <ClInclude Include="CaseQuestionnaireContentCreatorSettings.h">
      <Filter>Header Files</Filter>
    </ClInclude>
    <ClInclude Include="CaseTask.h">
      <Filter>Header Files</Filter>
    </ClInclude>
    <ClInclude Include="CaseTextContentCreator.h">
      <Filter>Header Files</Filter>
    </ClInclude>
    <ClInclude Include="CaseTextContentCreatorSettings.h">
      <Filter>Header Files</Filter>
    </ClInclude>
    <ClInclude Include="ContentCreator.h">
      <Filter>Header Files</Filter>
    </ClInclude>
    <ClInclude Include="DataManager.h">
      <Filter>Header Files</Filter>
    </ClInclude>
    <ClInclude Include="DataSourceCaseListingCtrl.h">
      <Filter>Header Files</Filter>
    </ClInclude>
    <ClInclude Include="DataSourceDoc.h">
      <Filter>Header Files</Filter>
    </ClInclude>
    <ClInclude Include="DataSourceDocTemplate.h">
      <Filter>Header Files</Filter>
    </ClInclude>
    <ClInclude Include="DataSourceFrame.h">
      <Filter>Header Files</Filter>
    </ClInclude>
    <ClInclude Include="DataSourceSettings.h">
      <Filter>Header Files</Filter>
    </ClInclude>
    <ClInclude Include="DataSummaryContentCreator.h">
      <Filter>Header Files</Filter>
    </ClInclude>
    <ClInclude Include="DownloadDataSourceDlg.h">
      <Filter>Header Files</Filter>
    </ClInclude>
    <ClInclude Include="ExportDataDlg.h">
      <Filter>Header Files</Filter>
    </ClInclude>
    <ClInclude Include="ExportDataSettings.h">
      <Filter>Header Files</Filter>
    </ClInclude>
    <ClInclude Include="ExportDataTask.h">
      <Filter>Header Files</Filter>
    </ClInclude>
    <ClInclude Include="ExtractBinaryDataDlg.h">
      <Filter>Header Files</Filter>
    </ClInclude>
    <ClInclude Include="ExtractBinaryDataSettings.h">
      <Filter>Header Files</Filter>
    </ClInclude>
    <ClInclude Include="ExtractBinaryDataTask.h">
      <Filter>Header Files</Filter>
    </ClInclude>
    <ClInclude Include="ExtractCasesTask.h">
      <Filter>Header Files</Filter>
    </ClInclude>
    <ClInclude Include="ExtractNotesDlg.h">
      <Filter>Header Files</Filter>
    </ClInclude>
    <ClInclude Include="ExtractNotesSettings.h">
      <Filter>Header Files</Filter>
    </ClInclude>
    <ClInclude Include="ExtractNotesTask.h">
      <Filter>Header Files</Filter>
    </ClInclude>
    <ClInclude Include="HtmlView.h">
      <Filter>Header Files</Filter>
    </ClInclude>
    <ClInclude Include="LogicHelperContentCreator.h">
      <Filter>Header Files</Filter>
    </ClInclude>
    <ClInclude Include="MainFrame.h">
      <Filter>Header Files</Filter>
    </ClInclude>
    <ClInclude Include="OpenCSWebDataDlg.h">
      <Filter>Header Files</Filter>
    </ClInclude>
    <ClInclude Include="OpenDataSourceDlg.h">
      <Filter>Header Files</Filter>
    </ClInclude>
    <ClInclude Include="ProductionSyncer.h">
      <Filter>Header Files</Filter>
    </ClInclude>
    <ClInclude Include="QuestionnaireContentDlg.h">
      <Filter>Header Files</Filter>
    </ClInclude>
    <ClInclude Include="resource.h">
      <Filter>Header Files</Filter>
    </ClInclude>
    <ClInclude Include="Settings.h">
      <Filter>Header Files</Filter>
    </ClInclude>
    <ClInclude Include="StdAfx.h">
      <Filter>Header Files</Filter>
    </ClInclude>
    <ClInclude Include="SyncHelpers.h">
      <Filter>Header Files</Filter>
    </ClInclude>
    <ClInclude Include="SynchronizeDlg.h">
      <Filter>Header Files</Filter>
    </ClInclude>
    <ClInclude Include="SyncTask.h">
      <Filter>Header Files</Filter>
    </ClInclude>
    <ClInclude Include="Task.h">
      <Filter>Header Files</Filter>
    </ClInclude>
    <ClInclude Include="TaskRunner.h">
      <Filter>Header Files</Filter>
    </ClInclude>
    <ClInclude Include="TaskRunnerDlg.h">
      <Filter>Header Files</Filter>
    </ClInclude>
    <ClInclude Include="TaskRunnerSyncListener.h">
      <Filter>Header Files</Filter>
    </ClInclude>
    <ClInclude Include="UWM.h">
      <Filter>Header Files</Filter>
    </ClInclude>
    <ClInclude Include="ViewOptionsHelper.h">
      <Filter>Header Files</Filter>
    </ClInclude>
    <ClInclude Include="WindowsMessageCaseConstructionReporter.h">
      <Filter>Header Files</Filter>
    </ClInclude>
  </ItemGroup>
  <ItemGroup>
    <ClCompile Include="CaseContentCreatorBase.cpp">
      <Filter>Source Files</Filter>
    </ClCompile>
    <ClCompile Include="CaseDoc.cpp">
      <Filter>Source Files</Filter>
    </ClCompile>
    <ClCompile Include="CaseFrame.cpp">
      <Filter>Source Files</Filter>
    </ClCompile>
    <ClCompile Include="CaseHoldingDoc.cpp">
      <Filter>Source Files</Filter>
    </ClCompile>
    <ClCompile Include="CaseHoldingFrame.cpp">
      <Filter>Source Files</Filter>
    </ClCompile>
    <ClCompile Include="CaseHtmlContentCreator.cpp">
      <Filter>Source Files</Filter>
    </ClCompile>
    <ClCompile Include="CaseJsonContentCreator.cpp">
      <Filter>Source Files</Filter>
    </ClCompile>
    <ClCompile Include="CaseListingView.cpp">
      <Filter>Source Files</Filter>
    </ClCompile>
    <ClCompile Include="CaseProvider.cpp">
      <Filter>Source Files</Filter>
    </ClCompile>
    <ClCompile Include="CaseQuestionnaireContentCreator.cpp">
      <Filter>Source Files</Filter>
    </ClCompile>
    <ClCompile Include="CaseTask.cpp">
      <Filter>Source Files</Filter>
    </ClCompile>
    <ClCompile Include="CaseTextContentCreator.cpp">
      <Filter>Source Files</Filter>
    </ClCompile>
    <ClCompile Include="ContentCreator.cpp">
      <Filter>Source Files</Filter>
    </ClCompile>
    <ClCompile Include="DataManager.cpp">
      <Filter>Source Files</Filter>
    </ClCompile>
    <ClCompile Include="DataSourceCaseListingCtrl.cpp">
      <Filter>Source Files</Filter>
    </ClCompile>
    <ClCompile Include="DataSourceDoc.cpp">
      <Filter>Source Files</Filter>
    </ClCompile>
    <ClCompile Include="DataSourceFrame.cpp">
      <Filter>Source Files</Filter>
    </ClCompile>
    <ClCompile Include="DataSourceSettings.cpp">
      <Filter>Source Files</Filter>
    </ClCompile>
    <ClCompile Include="DataSummaryContentCreator.cpp">
      <Filter>Source Files</Filter>
    </ClCompile>
    <ClCompile Include="DownloadDataSourceDlg.cpp">
      <Filter>Source Files</Filter>
    </ClCompile>
    <ClCompile Include="ExportDataDlg.cpp">
      <Filter>Source Files</Filter>
    </ClCompile>
    <ClCompile Include="ExportDataTask.cpp">
      <Filter>Source Files</Filter>
    </ClCompile>
    <ClCompile Include="ExtractBinaryDataDlg.cpp">
      <Filter>Source Files</Filter>
    </ClCompile>
    <ClCompile Include="ExtractBinaryDataTask.cpp">
      <Filter>Source Files</Filter>
    </ClCompile>
    <ClCompile Include="ExtractCasesTask.cpp">
      <Filter>Source Files</Filter>
    </ClCompile>
    <ClCompile Include="ExtractNotesDlg.cpp">
      <Filter>Source Files</Filter>
    </ClCompile>
    <ClCompile Include="ExtractNotesTask.cpp">
      <Filter>Source Files</Filter>
    </ClCompile>
    <ClCompile Include="HtmlView.cpp">
      <Filter>Source Files</Filter>
    </ClCompile>
    <ClCompile Include="LogicHelperContentCreator.cpp">
      <Filter>Source Files</Filter>
    </ClCompile>
    <ClCompile Include="MainFrame.cpp">
      <Filter>Source Files</Filter>
    </ClCompile>
    <ClCompile Include="OpenCSWebDataDlg.cpp">
      <Filter>Source Files</Filter>
    </ClCompile>
    <ClCompile Include="OpenDataSourceDlg.cpp">
      <Filter>Source Files</Filter>
    </ClCompile>
    <ClCompile Include="ProductionSyncer.cpp">
      <Filter>Source Files</Filter>
    </ClCompile>
    <ClCompile Include="QuestionnaireContentDlg.cpp">
      <Filter>Source Files</Filter>
    </ClCompile>
    <ClCompile Include="Settings.cpp">
      <Filter>Source Files</Filter>
    </ClCompile>
    <ClCompile Include="StdAfx.cpp">
      <Filter>Source Files</Filter>
    </ClCompile>
    <ClCompile Include="SyncHelpers.cpp">
      <Filter>Source Files</Filter>
    </ClCompile>
    <ClCompile Include="SynchronizeDlg.cpp">
      <Filter>Source Files</Filter>
    </ClCompile>
    <ClCompile Include="SyncTask.cpp">
      <Filter>Source Files</Filter>
    </ClCompile>
    <ClCompile Include="TaskRunnerDlg.cpp">
      <Filter>Source Files</Filter>
    </ClCompile>
  </ItemGroup>
  <ItemGroup>
    <ResourceCompile Include="DataManager.rc">
      <Filter>Resource Files</Filter>
    </ResourceCompile>
  </ItemGroup>
  <ItemGroup>
    <Image Include="res\CaseFrame.ico">
      <Filter>Resource Files</Filter>
    </Image>
    <Image Include="res\DataManager.ico">
      <Filter>Resource Files</Filter>
    </Image>
    <Image Include="res\DataSourceFrame.ico">
      <Filter>Resource Files</Filter>
    </Image>
  </ItemGroup>
</Project>