<?xml version="1.0" encoding="utf-8"?>
<Project ToolsVersion="4.0" xmlns="http://schemas.microsoft.com/developer/msbuild/2003">
  <ItemGroup>
    <Filter Include="Source Files">
      <UniqueIdentifier>{4FC737F1-C7A5-4376-A066-2A32D752A2FF}</UniqueIdentifier>
      <Extensions>cpp;c;cc;cxx;def;odl;idl;hpj;bat;asm;asmx</Extensions>
    </Filter>
    <Filter Include="Header Files">
      <UniqueIdentifier>{93995380-89BD-4b04-88EB-625FBE52EBFB}</UniqueIdentifier>
      <Extensions>h;hh;hpp;hxx;hm;inl;inc;ipp;xsd</Extensions>
    </Filter>
    <Filter Include="qrcodegen">
      <UniqueIdentifier>{ef734f98-59e1-4a30-a0f0-aacd48e4abfe}</UniqueIdentifier>
    </Filter>
    <Filter Include="libexif">
      <UniqueIdentifier>{619a0465-4fd3-4470-a1a6-b352a777956b}</UniqueIdentifier>
    </Filter>
    <Filter Include="gpac">
      <UniqueIdentifier>{9fb4ca2f-f86b-4e1b-9d98-ef975acdce1a}</UniqueIdentifier>
    </Filter>
    <Filter Include="gpac\isomedia">
      <UniqueIdentifier>{bcf1c809-4942-442d-8952-007cfa2fa3e4}</UniqueIdentifier>
    </Filter>
    <Filter Include="gpac\media_tools">
      <UniqueIdentifier>{cd01d2bb-2254-4fef-86df-a070b27eba89}</UniqueIdentifier>
    </Filter>
    <Filter Include="gpac\odf">
      <UniqueIdentifier>{6b19ab15-4d41-4830-9f8a-dbaa5862ca70}</UniqueIdentifier>
    </Filter>
    <Filter Include="gpac\utils">
      <UniqueIdentifier>{61b2ab91-3783-46f9-8f22-1d12ca77cfdd}</UniqueIdentifier>
    </Filter>
  </ItemGroup>
  <ItemGroup>
    <ClInclude Include="..\external\gpac\include\gpac\configuration_cspro.h">
      <Filter>gpac</Filter>
    </ClInclude>
    <ClInclude Include="BmpFile.h">
      <Filter>Header Files</Filter>
    </ClInclude>
    <ClInclude Include="ExifReader.h">
      <Filter>Header Files</Filter>
    </ClInclude>
    <ClInclude Include="Icon.h">
      <Filter>Header Files</Filter>
    </ClInclude>
    <ClInclude Include="Image.h">
      <Filter>Header Files</Filter>
    </ClInclude>
    <ClInclude Include="Mp4File.h">
      <Filter>Header Files</Filter>
    </ClInclude>
    <ClInclude Include="Mp4Reader.h">
      <Filter>Header Files</Filter>
    </ClInclude>
    <ClInclude Include="Mp4Writer.h">
      <Filter>Header Files</Filter>
    </ClInclude>
    <ClInclude Include="QRCode.h">
      <Filter>Header Files</Filter>
    </ClInclude>
    <ClInclude Include="Screenshot.h">
      <Filter>Header Files</Filter>
    </ClInclude>
    <ClInclude Include="stdafx.h">
      <Filter>Header Files</Filter>
    </ClInclude>
    <ClInclude Include="zMultimediaO.h">
      <Filter>Header Files</Filter>
    </ClInclude>
  </ItemGroup>
  <ItemGroup>
    <ClCompile Include="..\external\gpac\src\isomedia\avc_ext.c">
      <Filter>gpac\isomedia</Filter>
    </ClCompile>
    <ClCompile Include="..\external\gpac\src\isomedia\box_code_3gpp.c">
      <Filter>gpac\isomedia</Filter>
    </ClCompile>
    <ClCompile Include="..\external\gpac\src\isomedia\box_code_apple.c">
      <Filter>gpac\isomedia</Filter>
    </ClCompile>
    <ClCompile Include="..\external\gpac\src\isomedia\box_code_base.c">
      <Filter>gpac\isomedia</Filter>
    </ClCompile>
    <ClCompile Include="..\external\gpac\src\isomedia\box_code_drm.c">
      <Filter>gpac\isomedia</Filter>
    </ClCompile>
    <ClCompile Include="..\external\gpac\src\isomedia\box_code_meta.c">
      <Filter>gpac\isomedia</Filter>
    </ClCompile>
    <ClCompile Include="..\external\gpac\src\isomedia\box_funcs.c">
      <Filter>gpac\isomedia</Filter>
    </ClCompile>
    <ClCompile Include="..\external\gpac\src\isomedia\data_map.c">
      <Filter>gpac\isomedia</Filter>
    </ClCompile>
    <ClCompile Include="..\external\gpac\src\isomedia\drm_sample.c">
      <Filter>gpac\isomedia</Filter>
    </ClCompile>
    <ClCompile Include="..\external\gpac\src\isomedia\iff.c">
      <Filter>gpac\isomedia</Filter>
    </ClCompile>
    <ClCompile Include="..\external\gpac\src\isomedia\isom_intern.c">
      <Filter>gpac\isomedia</Filter>
    </ClCompile>
    <ClCompile Include="..\external\gpac\src\isomedia\isom_read.c">
      <Filter>gpac\isomedia</Filter>
    </ClCompile>
    <ClCompile Include="..\external\gpac\src\isomedia\isom_store.c">
      <Filter>gpac\isomedia</Filter>
    </ClCompile>
    <ClCompile Include="..\external\gpac\src\isomedia\isom_write.c">
      <Filter>gpac\isomedia</Filter>
    </ClCompile>
    <ClCompile Include="..\external\gpac\src\isomedia\media.c">
      <Filter>gpac\isomedia</Filter>
    </ClCompile>
    <ClCompile Include="..\external\gpac\src\isomedia\media_odf.c">
      <Filter>gpac\isomedia</Filter>
    </ClCompile>
    <ClCompile Include="..\external\gpac\src\isomedia\meta.c">
      <Filter>gpac\isomedia</Filter>
    </ClCompile>
    <ClCompile Include="..\external\gpac\src\isomedia\movie_fragments.c">
      <Filter>gpac\isomedia</Filter>
    </ClCompile>
    <ClCompile Include="..\external\gpac\src\isomedia\sample_descs.c">
      <Filter>gpac\isomedia</Filter>
    </ClCompile>
    <ClCompile Include="..\external\gpac\src\isomedia\stbl_read.c">
      <Filter>gpac\isomedia</Filter>
    </ClCompile>
    <ClCompile Include="..\external\gpac\src\isomedia\stbl_write.c">
      <Filter>gpac\isomedia</Filter>
    </ClCompile>
    <ClCompile Include="..\external\gpac\src\isomedia\track.c">
      <Filter>gpac\isomedia</Filter>
    </ClCompile>
    <ClCompile Include="..\external\gpac\src\isomedia\tx3g.c">
      <Filter>gpac\isomedia</Filter>
    </ClCompile>
    <ClCompile Include="..\external\gpac\src\media_tools\av_parsers.c">
      <Filter>gpac\media_tools</Filter>
    </ClCompile>
    <ClCompile Include="..\external\gpac\src\media_tools\isom_tools.c">
      <Filter>gpac\media_tools</Filter>
    </ClCompile>
    <ClCompile Include="..\external\gpac\src\odf\descriptors.c">
      <Filter>gpac\odf</Filter>
    </ClCompile>
    <ClCompile Include="..\external\gpac\src\odf\desc_private.c">
      <Filter>gpac\odf</Filter>
    </ClCompile>
    <ClCompile Include="..\external\gpac\src\odf\odf_code.c">
      <Filter>gpac\odf</Filter>
    </ClCompile>
    <ClCompile Include="..\external\gpac\src\odf\odf_codec.c">
      <Filter>gpac\odf</Filter>
    </ClCompile>
    <ClCompile Include="..\external\gpac\src\odf\odf_command.c">
      <Filter>gpac\odf</Filter>
    </ClCompile>
    <ClCompile Include="..\external\gpac\src\odf\slc.c">
      <Filter>gpac\odf</Filter>
    </ClCompile>
    <ClCompile Include="..\external\gpac\src\utils\alloc.c">
      <Filter>gpac\utils</Filter>
    </ClCompile>
    <ClCompile Include="..\external\gpac\src\utils\base_encoding.c">
      <Filter>gpac\utils</Filter>
    </ClCompile>
    <ClCompile Include="..\external\gpac\src\utils\bitstream.c">
      <Filter>gpac\utils</Filter>
    </ClCompile>
    <ClCompile Include="..\external\gpac\src\utils\configfile.c">
      <Filter>gpac\utils</Filter>
    </ClCompile>
    <ClCompile Include="..\external\gpac\src\utils\constants.c">
      <Filter>gpac\utils</Filter>
    </ClCompile>
    <ClCompile Include="..\external\gpac\src\utils\error.c">
      <Filter>gpac\utils</Filter>
    </ClCompile>
    <ClCompile Include="..\external\gpac\src\utils\list.c">
      <Filter>gpac\utils</Filter>
    </ClCompile>
    <ClCompile Include="..\external\gpac\src\utils\module.c">
      <Filter>gpac\utils</Filter>
    </ClCompile>
    <ClCompile Include="..\external\gpac\src\utils\os_config_init.c">
      <Filter>gpac\utils</Filter>
    </ClCompile>
    <ClCompile Include="..\external\gpac\src\utils\os_divers.c">
      <Filter>gpac\utils</Filter>
    </ClCompile>
    <ClCompile Include="..\external\gpac\src\utils\os_file.c">
      <Filter>gpac\utils</Filter>
    </ClCompile>
    <ClCompile Include="..\external\gpac\src\utils\os_module.c">
      <Filter>gpac\utils</Filter>
    </ClCompile>
    <ClCompile Include="..\external\gpac\src\utils\sha1.c">
      <Filter>gpac\utils</Filter>
    </ClCompile>
    <ClCompile Include="..\external\gpac\src\utils\url.c">
      <Filter>gpac\utils</Filter>
    </ClCompile>
    <ClCompile Include="..\external\gpac\src\utils\utf.c">
      <Filter>gpac\utils</Filter>
    </ClCompile>
    <ClCompile Include="..\external\gpac\src\utils\xml_parser.c">
      <Filter>gpac\utils</Filter>
    </ClCompile>
    <ClCompile Include="..\external\libexif\canon\exif-mnote-data-canon.c">
      <Filter>libexif</Filter>
    </ClCompile>
    <ClCompile Include="..\external\libexif\canon\mnote-canon-entry.c">
      <Filter>libexif</Filter>
    </ClCompile>
    <ClCompile Include="..\external\libexif\canon\mnote-canon-tag.c">
      <Filter>libexif</Filter>
    </ClCompile>
    <ClCompile Include="..\external\libexif\exif-byte-order.c">
      <Filter>libexif</Filter>
    </ClCompile>
    <ClCompile Include="..\external\libexif\exif-content.c">
      <Filter>libexif</Filter>
    </ClCompile>
    <ClCompile Include="..\external\libexif\exif-data.c">
      <Filter>libexif</Filter>
    </ClCompile>
    <ClCompile Include="..\external\libexif\exif-entry.c">
      <Filter>libexif</Filter>
    </ClCompile>
    <ClCompile Include="..\external\libexif\exif-format.c">
      <Filter>libexif</Filter>
    </ClCompile>
    <ClCompile Include="..\external\libexif\exif-gps-ifd.c">
      <Filter>libexif</Filter>
    </ClCompile>
    <ClCompile Include="..\external\libexif\exif-ifd.c">
      <Filter>libexif</Filter>
    </ClCompile>
    <ClCompile Include="..\external\libexif\exif-loader.c">
      <Filter>libexif</Filter>
    </ClCompile>
    <ClCompile Include="..\external\libexif\exif-log.c">
      <Filter>libexif</Filter>
    </ClCompile>
    <ClCompile Include="..\external\libexif\exif-mem.c">
      <Filter>libexif</Filter>
    </ClCompile>
    <ClCompile Include="..\external\libexif\exif-mnote-data.c">
      <Filter>libexif</Filter>
    </ClCompile>
    <ClCompile Include="..\external\libexif\exif-tag.c">
      <Filter>libexif</Filter>
    </ClCompile>
    <ClCompile Include="..\external\libexif\exif-utils.c">
      <Filter>libexif</Filter>
    </ClCompile>
    <ClCompile Include="..\external\libexif\fuji\exif-mnote-data-fuji.c">
      <Filter>libexif</Filter>
    </ClCompile>
    <ClCompile Include="..\external\libexif\fuji\mnote-fuji-entry.c">
      <Filter>libexif</Filter>
    </ClCompile>
    <ClCompile Include="..\external\libexif\fuji\mnote-fuji-tag.c">
      <Filter>libexif</Filter>
    </ClCompile>
    <ClCompile Include="..\external\libexif\olympus\exif-mnote-data-olympus.c">
      <Filter>libexif</Filter>
    </ClCompile>
    <ClCompile Include="..\external\libexif\olympus\mnote-olympus-entry.c">
      <Filter>libexif</Filter>
    </ClCompile>
    <ClCompile Include="..\external\libexif\olympus\mnote-olympus-tag.c">
      <Filter>libexif</Filter>
    </ClCompile>
    <ClCompile Include="..\external\libexif\pentax\exif-mnote-data-pentax.c">
      <Filter>libexif</Filter>
    </ClCompile>
    <ClCompile Include="..\external\libexif\pentax\mnote-pentax-entry.c">
      <Filter>libexif</Filter>
    </ClCompile>
    <ClCompile Include="..\external\libexif\pentax\mnote-pentax-tag.c">
      <Filter>libexif</Filter>
    </ClCompile>
    <ClCompile Include="..\external\qrcodegen\qrcodegen.cpp">
      <Filter>qrcodegen</Filter>
    </ClCompile>
    <ClCompile Include="BmpFile.cpp">
      <Filter>Source Files</Filter>
    </ClCompile>
    <ClCompile Include="ExifReader.cpp">
      <Filter>Source Files</Filter>
    </ClCompile>
    <ClCompile Include="Icon.cpp">
      <Filter>Source Files</Filter>
    </ClCompile>
    <ClCompile Include="Image.cpp">
      <Filter>Source Files</Filter>
    </ClCompile>
    <ClCompile Include="Mp4File.cpp">
      <Filter>Source Files</Filter>
    </ClCompile>
    <ClCompile Include="Mp4Reader.cpp">
      <Filter>Source Files</Filter>
    </ClCompile>
    <ClCompile Include="Mp4Writer.cpp">
      <Filter>Source Files</Filter>
    </ClCompile>
    <ClCompile Include="QRCode.cpp">
      <Filter>Source Files</Filter>
    </ClCompile>
    <ClCompile Include="Screenshot.cpp">
      <Filter>Source Files</Filter>
    </ClCompile>
    <ClCompile Include="stdafx.cpp">
      <Filter>Source Files</Filter>
    </ClCompile>
    <ClCompile Include="zMultimediaO.cpp">
      <Filter>Source Files</Filter>
    </ClCompile>
  </ItemGroup>
</Project>