<?xml version="1.0" encoding="utf-8"?>
<Project ToolsVersion="4.0" xmlns="http://schemas.microsoft.com/developer/msbuild/2003">
  <ItemGroup>
    <Filter Include="Source Files">
      <UniqueIdentifier>{4FC737F1-C7A5-4376-A066-2A32D752A2FF}</UniqueIdentifier>
      <Extensions>cpp;c;cc;cxx;def;odl;idl;hpj;bat;asm;asmx</Extensions>
    </Filter>
    <Filter Include="Header Files">
      <UniqueIdentifier>{93995380-89BD-4b04-88EB-625FBE52EBFB}</UniqueIdentifier>
      <Extensions>h;hh;hpp;hxx;hm;inl;inc;ipp;xsd</Extensions>
    </Filter>
    <Filter Include="qrcodegen">
      <UniqueIdentifier>{ef734f98-59e1-4a30-a0f0-aacd48e4abfe}</UniqueIdentifier>
    </Filter>
    <Filter Include="libexif">
      <UniqueIdentifier>{619a0465-4fd3-4470-a1a6-b352a777956b}</UniqueIdentifier>
    </Filter>
  </ItemGroup>
  <ItemGroup>
    <ClInclude Include="BmpFile.h">
      <Filter>Header Files</Filter>
    </ClInclude>
    <ClInclude Include="Icon.h">
      <Filter>Header Files</Filter>
    </ClInclude>
    <ClInclude Include="Image.h">
      <Filter>Header Files</Filter>
    </ClInclude>
    <ClInclude Include="Mp4Reader.h">
      <Filter>Header Files</Filter>
    </ClInclude>
    <ClInclude Include="Mp4Writer.h">
      <Filter>Header Files</Filter>
    </ClInclude>
    <ClInclude Include="QRCode.h">
      <Filter>Header Files</Filter>
    </ClInclude>
    <ClInclude Include="Screenshot.h">
      <Filter>Header Files</Filter>
    </ClInclude>
    <ClInclude Include="stdafx.h">
      <Filter>Header Files</Filter>
    </ClInclude>
    <ClInclude Include="zMultimediaO.h">
      <Filter>Header Files</Filter>
    </ClInclude>
  </ItemGroup>
  <ItemGroup>
    <ClCompile Include="..\external\libexif\canon\exif-mnote-data-canon.c">
      <Filter>libexif</Filter>
    </ClCompile>
    <ClCompile Include="..\external\libexif\canon\mnote-canon-entry.c">
      <Filter>libexif</Filter>
    </ClCompile>
    <ClCompile Include="..\external\libexif\canon\mnote-canon-tag.c">
      <Filter>libexif</Filter>
    </ClCompile>
    <ClCompile Include="..\external\libexif\exif-byte-order.c">
      <Filter>libexif</Filter>
    </ClCompile>
    <ClCompile Include="..\external\libexif\exif-content.c">
      <Filter>libexif</Filter>
    </ClCompile>
    <ClCompile Include="..\external\libexif\exif-data.c">
      <Filter>libexif</Filter>
    </ClCompile>
    <ClCompile Include="..\external\libexif\exif-entry.c">
      <Filter>libexif</Filter>
    </ClCompile>
    <ClCompile Include="..\external\libexif\exif-format.c">
      <Filter>libexif</Filter>
    </ClCompile>
    <ClCompile Include="..\external\libexif\exif-gps-ifd.c">
      <Filter>libexif</Filter>
    </ClCompile>
    <ClCompile Include="..\external\libexif\exif-ifd.c">
      <Filter>libexif</Filter>
    </ClCompile>
    <ClCompile Include="..\external\libexif\exif-loader.c">
      <Filter>libexif</Filter>
    </ClCompile>
    <ClCompile Include="..\external\libexif\exif-log.c">
      <Filter>libexif</Filter>
    </ClCompile>
    <ClCompile Include="..\external\libexif\exif-mem.c">
      <Filter>libexif</Filter>
    </ClCompile>
    <ClCompile Include="..\external\libexif\exif-mnote-data.c">
      <Filter>libexif</Filter>
    </ClCompile>
    <ClCompile Include="..\external\libexif\exif-tag.c">
      <Filter>libexif</Filter>
    </ClCompile>
    <ClCompile Include="..\external\libexif\exif-utils.c">
      <Filter>libexif</Filter>
    </ClCompile>
    <ClCompile Include="..\external\libexif\fuji\exif-mnote-data-fuji.c">
      <Filter>libexif</Filter>
    </ClCompile>
    <ClCompile Include="..\external\libexif\fuji\mnote-fuji-entry.c">
      <Filter>libexif</Filter>
    </ClCompile>
    <ClCompile Include="..\external\libexif\fuji\mnote-fuji-tag.c">
      <Filter>libexif</Filter>
    </ClCompile>
    <ClCompile Include="..\external\libexif\olympus\exif-mnote-data-olympus.c">
      <Filter>libexif</Filter>
    </ClCompile>
    <ClCompile Include="..\external\libexif\olympus\mnote-olympus-entry.c">
      <Filter>libexif</Filter>
    </ClCompile>
    <ClCompile Include="..\external\libexif\olympus\mnote-olympus-tag.c">
      <Filter>libexif</Filter>
    </ClCompile>
    <ClCompile Include="..\external\libexif\pentax\exif-mnote-data-pentax.c">
      <Filter>libexif</Filter>
    </ClCompile>
    <ClCompile Include="..\external\libexif\pentax\mnote-pentax-entry.c">
      <Filter>libexif</Filter>
    </ClCompile>
    <ClCompile Include="..\external\libexif\pentax\mnote-pentax-tag.c">
      <Filter>libexif</Filter>
    </ClCompile>
    <ClCompile Include="..\external\qrcodegen\qrcodegen.cpp">
      <Filter>qrcodegen</Filter>
    </ClCompile>
    <ClCompile Include="BmpFile.cpp">
      <Filter>Source Files</Filter>
    </ClCompile>
    <ClCompile Include="Icon.cpp">
      <Filter>Source Files</Filter>
    </ClCompile>
    <ClCompile Include="Image.cpp">
      <Filter>Source Files</Filter>
    </ClCompile>
    <ClCompile Include="Mp4Reader.cpp">
      <Filter>Source Files</Filter>
    </ClCompile>
    <ClCompile Include="Mp4Writer.cpp">
      <Filter>Source Files</Filter>
    </ClCompile>
    <ClCompile Include="QRCode.cpp">
      <Filter>Source Files</Filter>
    </ClCompile>
    <ClCompile Include="Screenshot.cpp">
      <Filter>Source Files</Filter>
    </ClCompile>
    <ClCompile Include="stdafx.cpp">
      <Filter>Source Files</Filter>
    </ClCompile>
    <ClCompile Include="zMultimediaO.cpp">
      <Filter>Source Files</Filter>
    </ClCompile>
  </ItemGroup>
</Project>