<?xml version="1.0" encoding="utf-8"?>
<Project ToolsVersion="4.0" xmlns="http://schemas.microsoft.com/developer/msbuild/2003">
  <ItemGroup>
    <Filter Include="Source Files">
      <UniqueIdentifier>{4FC737F1-C7A5-4376-A066-2A32D752A2FF}</UniqueIdentifier>
      <Extensions>cpp;c;cc;cxx;def;odl;idl;hpj;bat;asm;asmx</Extensions>
    </Filter>
    <Filter Include="Header Files">
      <UniqueIdentifier>{93995380-89BD-4b04-88EB-625FBE52EBFB}</UniqueIdentifier>
      <Extensions>h;hh;hpp;hxx;hm;inl;inc;ipp;xsd</Extensions>
    </Filter>
    <Filter Include="qrcodegen">
      <UniqueIdentifier>{ef734f98-59e1-4a30-a0f0-aacd48e4abfe}</UniqueIdentifier>
    </Filter>
    <Filter Include="libexif">
      <UniqueIdentifier>{619a0465-4fd3-4470-a1a6-b352a777956b}</UniqueIdentifier>
    </Filter>
    <Filter Include="gpac">
      <UniqueIdentifier>{9fb4ca2f-f86b-4e1b-9d98-ef975acdce1a}</UniqueIdentifier>
    </Filter>
    <Filter Include="gpac\isomedia">
      <UniqueIdentifier>{bcf1c809-4942-442d-8952-007cfa2fa3e4}</UniqueIdentifier>
    </Filter>
    <Filter Include="gpac\media_tools">
      <UniqueIdentifier>{cd01d2bb-2254-4fef-86df-a070b27eba89}</UniqueIdentifier>
    </Filter>
    <Filter Include="gpac\odf">
      <UniqueIdentifier>{6b19ab15-4d41-4830-9f8a-dbaa5862ca70}</UniqueIdentifier>
    </Filter>
    <Filter Include="gpac\utils">
      <UniqueIdentifier>{61b2ab91-3783-46f9-8f22-1d12ca77cfdd}</UniqueIdentifier>
    </Filter>
    <Filter Include="libwebp">
      <UniqueIdentifier>{630bf746-fb63-44dd-918f-2d138e18ddc7}</UniqueIdentifier>
    </Filter>
    <Filter Include="libwebp\dec">
      <UniqueIdentifier>{e67e20c2-d5c0-414f-b766-942d834955ae}</UniqueIdentifier>
    </Filter>
    <Filter Include="libwebp\dsp">
      <UniqueIdentifier>{51463e6f-af45-4832-bc86-672521eb3b3c}</UniqueIdentifier>
    </Filter>
    <Filter Include="libwebp\enc">
      <UniqueIdentifier>{994baea5-774b-4ec0-a66e-44a2e308e1b6}</UniqueIdentifier>
    </Filter>
    <Filter Include="libwebp\utils">
      <UniqueIdentifier>{d53bbfa4-be81-4e48-baf3-e8dc8cddadb8}</UniqueIdentifier>
    </Filter>
    <Filter Include="libwebp\sharpyuv">
      <UniqueIdentifier>{c1d7b78b-6bb3-438e-885f-4aff6ed5686c}</UniqueIdentifier>
    </Filter>
  </ItemGroup>
  <ItemGroup>
    <ClInclude Include="..\external\gpac\include\gpac\configuration_cspro.h">
      <Filter>gpac</Filter>
    </ClInclude>
    <ClInclude Include="BmpFile.h">
      <Filter>Header Files</Filter>
    </ClInclude>
    <ClInclude Include="ExifReader.h">
      <Filter>Header Files</Filter>
    </ClInclude>
    <ClInclude Include="Icon.h">
      <Filter>Header Files</Filter>
    </ClInclude>
    <ClInclude Include="Image.h">
      <Filter>Header Files</Filter>
    </ClInclude>
    <ClInclude Include="Mp4File.h">
      <Filter>Header Files</Filter>
    </ClInclude>
    <ClInclude Include="QRCode.h">
      <Filter>Header Files</Filter>
    </ClInclude>
    <ClInclude Include="Screenshot.h">
      <Filter>Header Files</Filter>
    </ClInclude>
    <ClInclude Include="stdafx.h">
      <Filter>Header Files</Filter>
    </ClInclude>
    <ClInclude Include="zMultimediaO.h">
      <Filter>Header Files</Filter>
    </ClInclude>
  </ItemGroup>
  <ItemGroup>
    <ClCompile Include="..\external\gpac\src\isomedia\avc_ext.c">
      <Filter>gpac\isomedia</Filter>
    </ClCompile>
    <ClCompile Include="..\external\gpac\src\isomedia\box_code_3gpp.c">
      <Filter>gpac\isomedia</Filter>
    </ClCompile>
    <ClCompile Include="..\external\gpac\src\isomedia\box_code_apple.c">
      <Filter>gpac\isomedia</Filter>
    </ClCompile>
    <ClCompile Include="..\external\gpac\src\isomedia\box_code_base.c">
      <Filter>gpac\isomedia</Filter>
    </ClCompile>
    <ClCompile Include="..\external\gpac\src\isomedia\box_code_drm.c">
      <Filter>gpac\isomedia</Filter>
    </ClCompile>
    <ClCompile Include="..\external\gpac\src\isomedia\box_code_meta.c">
      <Filter>gpac\isomedia</Filter>
    </ClCompile>
    <ClCompile Include="..\external\gpac\src\isomedia\box_funcs.c">
      <Filter>gpac\isomedia</Filter>
    </ClCompile>
    <ClCompile Include="..\external\gpac\src\isomedia\data_map.c">
      <Filter>gpac\isomedia</Filter>
    </ClCompile>
    <ClCompile Include="..\external\gpac\src\isomedia\drm_sample.c">
      <Filter>gpac\isomedia</Filter>
    </ClCompile>
    <ClCompile Include="..\external\gpac\src\isomedia\iff.c">
      <Filter>gpac\isomedia</Filter>
    </ClCompile>
    <ClCompile Include="..\external\gpac\src\isomedia\isom_intern.c">
      <Filter>gpac\isomedia</Filter>
    </ClCompile>
    <ClCompile Include="..\external\gpac\src\isomedia\isom_read.c">
      <Filter>gpac\isomedia</Filter>
    </ClCompile>
    <ClCompile Include="..\external\gpac\src\isomedia\isom_store.c">
      <Filter>gpac\isomedia</Filter>
    </ClCompile>
    <ClCompile Include="..\external\gpac\src\isomedia\isom_write.c">
      <Filter>gpac\isomedia</Filter>
    </ClCompile>
    <ClCompile Include="..\external\gpac\src\isomedia\media.c">
      <Filter>gpac\isomedia</Filter>
    </ClCompile>
    <ClCompile Include="..\external\gpac\src\isomedia\media_odf.c">
      <Filter>gpac\isomedia</Filter>
    </ClCompile>
    <ClCompile Include="..\external\gpac\src\isomedia\meta.c">
      <Filter>gpac\isomedia</Filter>
    </ClCompile>
    <ClCompile Include="..\external\gpac\src\isomedia\movie_fragments.c">
      <Filter>gpac\isomedia</Filter>
    </ClCompile>
    <ClCompile Include="..\external\gpac\src\isomedia\sample_descs.c">
      <Filter>gpac\isomedia</Filter>
    </ClCompile>
    <ClCompile Include="..\external\gpac\src\isomedia\stbl_read.c">
      <Filter>gpac\isomedia</Filter>
    </ClCompile>
    <ClCompile Include="..\external\gpac\src\isomedia\stbl_write.c">
      <Filter>gpac\isomedia</Filter>
    </ClCompile>
    <ClCompile Include="..\external\gpac\src\isomedia\track.c">
      <Filter>gpac\isomedia</Filter>
    </ClCompile>
    <ClCompile Include="..\external\gpac\src\isomedia\tx3g.c">
      <Filter>gpac\isomedia</Filter>
    </ClCompile>
    <ClCompile Include="..\external\gpac\src\media_tools\av_parsers.c">
      <Filter>gpac\media_tools</Filter>
    </ClCompile>
    <ClCompile Include="..\external\gpac\src\media_tools\isom_tools.c">
      <Filter>gpac\media_tools</Filter>
    </ClCompile>
    <ClCompile Include="..\external\gpac\src\odf\descriptors.c">
      <Filter>gpac\odf</Filter>
    </ClCompile>
    <ClCompile Include="..\external\gpac\src\odf\desc_private.c">
      <Filter>gpac\odf</Filter>
    </ClCompile>
    <ClCompile Include="..\external\gpac\src\odf\odf_code.c">
      <Filter>gpac\odf</Filter>
    </ClCompile>
    <ClCompile Include="..\external\gpac\src\odf\odf_codec.c">
      <Filter>gpac\odf</Filter>
    </ClCompile>
    <ClCompile Include="..\external\gpac\src\odf\odf_command.c">
      <Filter>gpac\odf</Filter>
    </ClCompile>
    <ClCompile Include="..\external\gpac\src\odf\slc.c">
      <Filter>gpac\odf</Filter>
    </ClCompile>
    <ClCompile Include="..\external\gpac\src\utils\alloc.c">
      <Filter>gpac\utils</Filter>
    </ClCompile>
    <ClCompile Include="..\external\gpac\src\utils\base_encoding.c">
      <Filter>gpac\utils</Filter>
    </ClCompile>
    <ClCompile Include="..\external\gpac\src\utils\bitstream.c">
      <Filter>gpac\utils</Filter>
    </ClCompile>
    <ClCompile Include="..\external\gpac\src\utils\configfile.c">
      <Filter>gpac\utils</Filter>
    </ClCompile>
    <ClCompile Include="..\external\gpac\src\utils\constants.c">
      <Filter>gpac\utils</Filter>
    </ClCompile>
    <ClCompile Include="..\external\gpac\src\utils\error.c">
      <Filter>gpac\utils</Filter>
    </ClCompile>
    <ClCompile Include="..\external\gpac\src\utils\list.c">
      <Filter>gpac\utils</Filter>
    </ClCompile>
    <ClCompile Include="..\external\gpac\src\utils\module.c">
      <Filter>gpac\utils</Filter>
    </ClCompile>
    <ClCompile Include="..\external\gpac\src\utils\os_config_init.c">
      <Filter>gpac\utils</Filter>
    </ClCompile>
    <ClCompile Include="..\external\gpac\src\utils\os_divers.c">
      <Filter>gpac\utils</Filter>
    </ClCompile>
    <ClCompile Include="..\external\gpac\src\utils\os_file.c">
      <Filter>gpac\utils</Filter>
    </ClCompile>
    <ClCompile Include="..\external\gpac\src\utils\os_module.c">
      <Filter>gpac\utils</Filter>
    </ClCompile>
    <ClCompile Include="..\external\gpac\src\utils\sha1.c">
      <Filter>gpac\utils</Filter>
    </ClCompile>
    <ClCompile Include="..\external\gpac\src\utils\url.c">
      <Filter>gpac\utils</Filter>
    </ClCompile>
    <ClCompile Include="..\external\gpac\src\utils\utf.c">
      <Filter>gpac\utils</Filter>
    </ClCompile>
    <ClCompile Include="..\external\gpac\src\utils\xml_parser.c">
      <Filter>gpac\utils</Filter>
    </ClCompile>
    <ClCompile Include="..\external\libexif\canon\exif-mnote-data-canon.c">
      <Filter>libexif</Filter>
    </ClCompile>
    <ClCompile Include="..\external\libexif\canon\mnote-canon-entry.c">
      <Filter>libexif</Filter>
    </ClCompile>
    <ClCompile Include="..\external\libexif\canon\mnote-canon-tag.c">
      <Filter>libexif</Filter>
    </ClCompile>
    <ClCompile Include="..\external\libexif\exif-byte-order.c">
      <Filter>libexif</Filter>
    </ClCompile>
    <ClCompile Include="..\external\libexif\exif-content.c">
      <Filter>libexif</Filter>
    </ClCompile>
    <ClCompile Include="..\external\libexif\exif-data.c">
      <Filter>libexif</Filter>
    </ClCompile>
    <ClCompile Include="..\external\libexif\exif-entry.c">
      <Filter>libexif</Filter>
    </ClCompile>
    <ClCompile Include="..\external\libexif\exif-format.c">
      <Filter>libexif</Filter>
    </ClCompile>
    <ClCompile Include="..\external\libexif\exif-gps-ifd.c">
      <Filter>libexif</Filter>
    </ClCompile>
    <ClCompile Include="..\external\libexif\exif-ifd.c">
      <Filter>libexif</Filter>
    </ClCompile>
    <ClCompile Include="..\external\libexif\exif-loader.c">
      <Filter>libexif</Filter>
    </ClCompile>
    <ClCompile Include="..\external\libexif\exif-log.c">
      <Filter>libexif</Filter>
    </ClCompile>
    <ClCompile Include="..\external\libexif\exif-mem.c">
      <Filter>libexif</Filter>
    </ClCompile>
    <ClCompile Include="..\external\libexif\exif-mnote-data.c">
      <Filter>libexif</Filter>
    </ClCompile>
    <ClCompile Include="..\external\libexif\exif-tag.c">
      <Filter>libexif</Filter>
    </ClCompile>
    <ClCompile Include="..\external\libexif\exif-utils.c">
      <Filter>libexif</Filter>
    </ClCompile>
    <ClCompile Include="..\external\libexif\fuji\exif-mnote-data-fuji.c">
      <Filter>libexif</Filter>
    </ClCompile>
    <ClCompile Include="..\external\libexif\fuji\mnote-fuji-entry.c">
      <Filter>libexif</Filter>
    </ClCompile>
    <ClCompile Include="..\external\libexif\fuji\mnote-fuji-tag.c">
      <Filter>libexif</Filter>
    </ClCompile>
    <ClCompile Include="..\external\libexif\olympus\exif-mnote-data-olympus.c">
      <Filter>libexif</Filter>
    </ClCompile>
    <ClCompile Include="..\external\libexif\olympus\mnote-olympus-entry.c">
      <Filter>libexif</Filter>
    </ClCompile>
    <ClCompile Include="..\external\libexif\olympus\mnote-olympus-tag.c">
      <Filter>libexif</Filter>
    </ClCompile>
    <ClCompile Include="..\external\libexif\pentax\exif-mnote-data-pentax.c">
      <Filter>libexif</Filter>
    </ClCompile>
    <ClCompile Include="..\external\libexif\pentax\mnote-pentax-entry.c">
      <Filter>libexif</Filter>
    </ClCompile>
    <ClCompile Include="..\external\libexif\pentax\mnote-pentax-tag.c">
      <Filter>libexif</Filter>
    </ClCompile>
    <ClCompile Include="..\external\libwebp\sharpyuv\sharpyuv.c">
      <Filter>libwebp\sharpyuv</Filter>
    </ClCompile>
    <ClCompile Include="..\external\libwebp\sharpyuv\sharpyuv_cpu.c">
      <Filter>libwebp\sharpyuv</Filter>
    </ClCompile>
    <ClCompile Include="..\external\libwebp\sharpyuv\sharpyuv_csp.c">
      <Filter>libwebp\sharpyuv</Filter>
    </ClCompile>
    <ClCompile Include="..\external\libwebp\sharpyuv\sharpyuv_dsp.c">
      <Filter>libwebp\sharpyuv</Filter>
    </ClCompile>
    <ClCompile Include="..\external\libwebp\sharpyuv\sharpyuv_gamma.c">
      <Filter>libwebp\sharpyuv</Filter>
    </ClCompile>
    <ClCompile Include="..\external\libwebp\sharpyuv\sharpyuv_neon.c">
      <Filter>libwebp\sharpyuv</Filter>
    </ClCompile>
    <ClCompile Include="..\external\libwebp\sharpyuv\sharpyuv_sse2.c">
      <Filter>libwebp\sharpyuv</Filter>
    </ClCompile>
    <ClCompile Include="..\external\libwebp\src\dec\alpha_dec.c">
      <Filter>libwebp\dec</Filter>
    </ClCompile>
    <ClCompile Include="..\external\libwebp\src\dec\buffer_dec.c">
      <Filter>libwebp\dec</Filter>
    </ClCompile>
    <ClCompile Include="..\external\libwebp\src\dec\frame_dec.c">
      <Filter>libwebp\dec</Filter>
    </ClCompile>
    <ClCompile Include="..\external\libwebp\src\dec\idec_dec.c">
      <Filter>libwebp\dec</Filter>
    </ClCompile>
    <ClCompile Include="..\external\libwebp\src\dec\io_dec.c">
      <Filter>libwebp\dec</Filter>
    </ClCompile>
    <ClCompile Include="..\external\libwebp\src\dec\quant_dec.c">
      <Filter>libwebp\dec</Filter>
    </ClCompile>
    <ClCompile Include="..\external\libwebp\src\dec\tree_dec.c">
      <Filter>libwebp\dec</Filter>
    </ClCompile>
    <ClCompile Include="..\external\libwebp\src\dec\vp8l_dec.c">
      <Filter>libwebp\dec</Filter>
    </ClCompile>
    <ClCompile Include="..\external\libwebp\src\dec\vp8_dec.c">
      <Filter>libwebp\dec</Filter>
    </ClCompile>
    <ClCompile Include="..\external\libwebp\src\dec\webp_dec.c">
      <Filter>libwebp\dec</Filter>
    </ClCompile>
    <ClCompile Include="..\external\libwebp\src\dsp\alpha_processing.c">
      <Filter>libwebp\dsp</Filter>
    </ClCompile>
    <ClCompile Include="..\external\libwebp\src\dsp\alpha_processing_mips_dsp_r2.c">
      <Filter>libwebp\dsp</Filter>
    </ClCompile>
    <ClCompile Include="..\external\libwebp\src\dsp\alpha_processing_neon.c">
      <Filter>libwebp\dsp</Filter>
    </ClCompile>
    <ClCompile Include="..\external\libwebp\src\dsp\alpha_processing_sse2.c">
      <Filter>libwebp\dsp</Filter>
    </ClCompile>
    <ClCompile Include="..\external\libwebp\src\dsp\alpha_processing_sse41.c">
      <Filter>libwebp\dsp</Filter>
    </ClCompile>
    <ClCompile Include="..\external\libwebp\src\dsp\cost.c">
      <Filter>libwebp\dsp</Filter>
    </ClCompile>
    <ClCompile Include="..\external\libwebp\src\dsp\cost_mips32.c">
      <Filter>libwebp\dsp</Filter>
    </ClCompile>
    <ClCompile Include="..\external\libwebp\src\dsp\cost_mips_dsp_r2.c">
      <Filter>libwebp\dsp</Filter>
    </ClCompile>
    <ClCompile Include="..\external\libwebp\src\dsp\cost_neon.c">
      <Filter>libwebp\dsp</Filter>
    </ClCompile>
    <ClCompile Include="..\external\libwebp\src\dsp\cost_sse2.c">
      <Filter>libwebp\dsp</Filter>
    </ClCompile>
    <ClCompile Include="..\external\libwebp\src\dsp\cpu.c">
      <Filter>libwebp\dsp</Filter>
    </ClCompile>
    <ClCompile Include="..\external\libwebp\src\dsp\dec.c">
      <Filter>libwebp\dsp</Filter>
    </ClCompile>
    <ClCompile Include="..\external\libwebp\src\dsp\dec_clip_tables.c">
      <Filter>libwebp\dsp</Filter>
    </ClCompile>
    <ClCompile Include="..\external\libwebp\src\dsp\dec_mips32.c">
      <Filter>libwebp\dsp</Filter>
    </ClCompile>
    <ClCompile Include="..\external\libwebp\src\dsp\dec_mips_dsp_r2.c">
      <Filter>libwebp\dsp</Filter>
    </ClCompile>
    <ClCompile Include="..\external\libwebp\src\dsp\dec_msa.c">
      <Filter>libwebp\dsp</Filter>
    </ClCompile>
    <ClCompile Include="..\external\libwebp\src\dsp\dec_neon.c">
      <Filter>libwebp\dsp</Filter>
    </ClCompile>
    <ClCompile Include="..\external\libwebp\src\dsp\dec_sse2.c">
      <Filter>libwebp\dsp</Filter>
    </ClCompile>
    <ClCompile Include="..\external\libwebp\src\dsp\dec_sse41.c">
      <Filter>libwebp\dsp</Filter>
    </ClCompile>
    <ClCompile Include="..\external\libwebp\src\dsp\enc.c">
      <Filter>libwebp\dsp</Filter>
    </ClCompile>
    <ClCompile Include="..\external\libwebp\src\dsp\enc_mips32.c">
      <Filter>libwebp\dsp</Filter>
    </ClCompile>
    <ClCompile Include="..\external\libwebp\src\dsp\enc_mips_dsp_r2.c">
      <Filter>libwebp\dsp</Filter>
    </ClCompile>
    <ClCompile Include="..\external\libwebp\src\dsp\enc_msa.c">
      <Filter>libwebp\dsp</Filter>
    </ClCompile>
    <ClCompile Include="..\external\libwebp\src\dsp\enc_neon.c">
      <Filter>libwebp\dsp</Filter>
    </ClCompile>
    <ClCompile Include="..\external\libwebp\src\dsp\enc_sse2.c">
      <Filter>libwebp\dsp</Filter>
    </ClCompile>
    <ClCompile Include="..\external\libwebp\src\dsp\enc_sse41.c">
      <Filter>libwebp\dsp</Filter>
    </ClCompile>
    <ClCompile Include="..\external\libwebp\src\dsp\filters.c">
      <Filter>libwebp\dsp</Filter>
    </ClCompile>
    <ClCompile Include="..\external\libwebp\src\dsp\filters_mips_dsp_r2.c">
      <Filter>libwebp\dsp</Filter>
    </ClCompile>
    <ClCompile Include="..\external\libwebp\src\dsp\filters_msa.c">
      <Filter>libwebp\dsp</Filter>
    </ClCompile>
    <ClCompile Include="..\external\libwebp\src\dsp\filters_neon.c">
      <Filter>libwebp\dsp</Filter>
    </ClCompile>
    <ClCompile Include="..\external\libwebp\src\dsp\filters_sse2.c">
      <Filter>libwebp\dsp</Filter>
    </ClCompile>
    <ClCompile Include="..\external\libwebp\src\dsp\lossless.c">
      <Filter>libwebp\dsp</Filter>
    </ClCompile>
    <ClCompile Include="..\external\libwebp\src\dsp\lossless_avx2.c">
      <Filter>libwebp\dsp</Filter>
    </ClCompile>
    <ClCompile Include="..\external\libwebp\src\dsp\lossless_enc.c">
      <Filter>libwebp\dsp</Filter>
    </ClCompile>
    <ClCompile Include="..\external\libwebp\src\dsp\lossless_enc_avx2.c">
      <Filter>libwebp\dsp</Filter>
    </ClCompile>
    <ClCompile Include="..\external\libwebp\src\dsp\lossless_enc_mips32.c">
      <Filter>libwebp\dsp</Filter>
    </ClCompile>
    <ClCompile Include="..\external\libwebp\src\dsp\lossless_enc_mips_dsp_r2.c">
      <Filter>libwebp\dsp</Filter>
    </ClCompile>
    <ClCompile Include="..\external\libwebp\src\dsp\lossless_enc_msa.c">
      <Filter>libwebp\dsp</Filter>
    </ClCompile>
    <ClCompile Include="..\external\libwebp\src\dsp\lossless_enc_neon.c">
      <Filter>libwebp\dsp</Filter>
    </ClCompile>
    <ClCompile Include="..\external\libwebp\src\dsp\lossless_enc_sse2.c">
      <Filter>libwebp\dsp</Filter>
    </ClCompile>
    <ClCompile Include="..\external\libwebp\src\dsp\lossless_enc_sse41.c">
      <Filter>libwebp\dsp</Filter>
    </ClCompile>
    <ClCompile Include="..\external\libwebp\src\dsp\lossless_mips_dsp_r2.c">
      <Filter>libwebp\dsp</Filter>
    </ClCompile>
    <ClCompile Include="..\external\libwebp\src\dsp\lossless_msa.c">
      <Filter>libwebp\dsp</Filter>
    </ClCompile>
    <ClCompile Include="..\external\libwebp\src\dsp\lossless_neon.c">
      <Filter>libwebp\dsp</Filter>
    </ClCompile>
    <ClCompile Include="..\external\libwebp\src\dsp\lossless_sse2.c">
      <Filter>libwebp\dsp</Filter>
    </ClCompile>
    <ClCompile Include="..\external\libwebp\src\dsp\lossless_sse41.c">
      <Filter>libwebp\dsp</Filter>
    </ClCompile>
    <ClCompile Include="..\external\libwebp\src\dsp\rescaler.c">
      <Filter>libwebp\dsp</Filter>
    </ClCompile>
    <ClCompile Include="..\external\libwebp\src\dsp\rescaler_mips32.c">
      <Filter>libwebp\dsp</Filter>
    </ClCompile>
    <ClCompile Include="..\external\libwebp\src\dsp\rescaler_mips_dsp_r2.c">
      <Filter>libwebp\dsp</Filter>
    </ClCompile>
    <ClCompile Include="..\external\libwebp\src\dsp\rescaler_msa.c">
      <Filter>libwebp\dsp</Filter>
    </ClCompile>
    <ClCompile Include="..\external\libwebp\src\dsp\rescaler_neon.c">
      <Filter>libwebp\dsp</Filter>
    </ClCompile>
    <ClCompile Include="..\external\libwebp\src\dsp\rescaler_sse2.c">
      <Filter>libwebp\dsp</Filter>
    </ClCompile>
    <ClCompile Include="..\external\libwebp\src\dsp\ssim.c">
      <Filter>libwebp\dsp</Filter>
    </ClCompile>
    <ClCompile Include="..\external\libwebp\src\dsp\ssim_sse2.c">
      <Filter>libwebp\dsp</Filter>
    </ClCompile>
    <ClCompile Include="..\external\libwebp\src\dsp\upsampling.c">
      <Filter>libwebp\dsp</Filter>
    </ClCompile>
    <ClCompile Include="..\external\libwebp\src\dsp\upsampling_mips_dsp_r2.c">
      <Filter>libwebp\dsp</Filter>
    </ClCompile>
    <ClCompile Include="..\external\libwebp\src\dsp\upsampling_msa.c">
      <Filter>libwebp\dsp</Filter>
    </ClCompile>
    <ClCompile Include="..\external\libwebp\src\dsp\upsampling_neon.c">
      <Filter>libwebp\dsp</Filter>
    </ClCompile>
    <ClCompile Include="..\external\libwebp\src\dsp\upsampling_sse2.c">
      <Filter>libwebp\dsp</Filter>
    </ClCompile>
    <ClCompile Include="..\external\libwebp\src\dsp\upsampling_sse41.c">
      <Filter>libwebp\dsp</Filter>
    </ClCompile>
    <ClCompile Include="..\external\libwebp\src\dsp\yuv.c">
      <Filter>libwebp\dsp</Filter>
    </ClCompile>
    <ClCompile Include="..\external\libwebp\src\dsp\yuv_mips32.c">
      <Filter>libwebp\dsp</Filter>
    </ClCompile>
    <ClCompile Include="..\external\libwebp\src\dsp\yuv_mips_dsp_r2.c">
      <Filter>libwebp\dsp</Filter>
    </ClCompile>
    <ClCompile Include="..\external\libwebp\src\dsp\yuv_neon.c">
      <Filter>libwebp\dsp</Filter>
    </ClCompile>
    <ClCompile Include="..\external\libwebp\src\dsp\yuv_sse2.c">
      <Filter>libwebp\dsp</Filter>
    </ClCompile>
    <ClCompile Include="..\external\libwebp\src\dsp\yuv_sse41.c">
      <Filter>libwebp\dsp</Filter>
    </ClCompile>
    <ClCompile Include="..\external\libwebp\src\enc\alpha_enc.c">
      <Filter>libwebp\enc</Filter>
    </ClCompile>
    <ClCompile Include="..\external\libwebp\src\enc\analysis_enc.c">
      <Filter>libwebp\enc</Filter>
    </ClCompile>
    <ClCompile Include="..\external\libwebp\src\enc\backward_references_cost_enc.c">
      <Filter>libwebp\enc</Filter>
    </ClCompile>
    <ClCompile Include="..\external\libwebp\src\enc\backward_references_enc.c">
      <Filter>libwebp\enc</Filter>
    </ClCompile>
    <ClCompile Include="..\external\libwebp\src\enc\config_enc.c">
      <Filter>libwebp\enc</Filter>
    </ClCompile>
    <ClCompile Include="..\external\libwebp\src\enc\cost_enc.c">
      <Filter>libwebp\enc</Filter>
    </ClCompile>
    <ClCompile Include="..\external\libwebp\src\enc\filter_enc.c">
      <Filter>libwebp\enc</Filter>
    </ClCompile>
    <ClCompile Include="..\external\libwebp\src\enc\frame_enc.c">
      <Filter>libwebp\enc</Filter>
    </ClCompile>
    <ClCompile Include="..\external\libwebp\src\enc\histogram_enc.c">
      <Filter>libwebp\enc</Filter>
    </ClCompile>
    <ClCompile Include="..\external\libwebp\src\enc\iterator_enc.c">
      <Filter>libwebp\enc</Filter>
    </ClCompile>
    <ClCompile Include="..\external\libwebp\src\enc\near_lossless_enc.c">
      <Filter>libwebp\enc</Filter>
    </ClCompile>
    <ClCompile Include="..\external\libwebp\src\enc\picture_csp_enc.c">
      <Filter>libwebp\enc</Filter>
    </ClCompile>
    <ClCompile Include="..\external\libwebp\src\enc\picture_enc.c">
      <Filter>libwebp\enc</Filter>
    </ClCompile>
    <ClCompile Include="..\external\libwebp\src\enc\picture_psnr_enc.c">
      <Filter>libwebp\enc</Filter>
    </ClCompile>
    <ClCompile Include="..\external\libwebp\src\enc\picture_rescale_enc.c">
      <Filter>libwebp\enc</Filter>
    </ClCompile>
    <ClCompile Include="..\external\libwebp\src\enc\picture_tools_enc.c">
      <Filter>libwebp\enc</Filter>
    </ClCompile>
    <ClCompile Include="..\external\libwebp\src\enc\predictor_enc.c">
      <Filter>libwebp\enc</Filter>
    </ClCompile>
    <ClCompile Include="..\external\libwebp\src\enc\quant_enc.c">
      <Filter>libwebp\enc</Filter>
    </ClCompile>
    <ClCompile Include="..\external\libwebp\src\enc\syntax_enc.c">
      <Filter>libwebp\enc</Filter>
    </ClCompile>
    <ClCompile Include="..\external\libwebp\src\enc\token_enc.c">
      <Filter>libwebp\enc</Filter>
    </ClCompile>
    <ClCompile Include="..\external\libwebp\src\enc\tree_enc.c">
      <Filter>libwebp\enc</Filter>
    </ClCompile>
    <ClCompile Include="..\external\libwebp\src\enc\vp8l_enc.c">
      <Filter>libwebp\enc</Filter>
    </ClCompile>
    <ClCompile Include="..\external\libwebp\src\enc\webp_enc.c">
      <Filter>libwebp\enc</Filter>
    </ClCompile>
    <ClCompile Include="..\external\libwebp\src\utils\bit_reader_utils.c">
      <Filter>libwebp\utils</Filter>
    </ClCompile>
    <ClCompile Include="..\external\libwebp\src\utils\bit_writer_utils.c">
      <Filter>libwebp\utils</Filter>
    </ClCompile>
    <ClCompile Include="..\external\libwebp\src\utils\color_cache_utils.c">
      <Filter>libwebp\utils</Filter>
    </ClCompile>
    <ClCompile Include="..\external\libwebp\src\utils\filters_utils.c">
      <Filter>libwebp\utils</Filter>
    </ClCompile>
    <ClCompile Include="..\external\libwebp\src\utils\huffman_encode_utils.c">
      <Filter>libwebp\utils</Filter>
    </ClCompile>
    <ClCompile Include="..\external\libwebp\src\utils\huffman_utils.c">
      <Filter>libwebp\utils</Filter>
    </ClCompile>
    <ClCompile Include="..\external\libwebp\src\utils\palette.c">
      <Filter>libwebp\utils</Filter>
    </ClCompile>
    <ClCompile Include="..\external\libwebp\src\utils\quant_levels_dec_utils.c">
      <Filter>libwebp\utils</Filter>
    </ClCompile>
    <ClCompile Include="..\external\libwebp\src\utils\quant_levels_utils.c">
      <Filter>libwebp\utils</Filter>
    </ClCompile>
    <ClCompile Include="..\external\libwebp\src\utils\random_utils.c">
      <Filter>libwebp\utils</Filter>
    </ClCompile>
    <ClCompile Include="..\external\libwebp\src\utils\rescaler_utils.c">
      <Filter>libwebp\utils</Filter>
    </ClCompile>
    <ClCompile Include="..\external\libwebp\src\utils\thread_utils.c">
      <Filter>libwebp\utils</Filter>
    </ClCompile>
    <ClCompile Include="..\external\libwebp\src\utils\utils.c">
      <Filter>libwebp\utils</Filter>
    </ClCompile>
    <ClCompile Include="..\external\qrcodegen\qrcodegen.cpp">
      <Filter>qrcodegen</Filter>
    </ClCompile>
    <ClCompile Include="BmpFile.cpp">
      <Filter>Source Files</Filter>
    </ClCompile>
    <ClCompile Include="ExifReader.cpp">
      <Filter>Source Files</Filter>
    </ClCompile>
    <ClCompile Include="Icon.cpp">
      <Filter>Source Files</Filter>
    </ClCompile>
    <ClCompile Include="Image.cpp">
      <Filter>Source Files</Filter>
    </ClCompile>
    <ClCompile Include="Mp4File.cpp">
      <Filter>Source Files</Filter>
    </ClCompile>
    <ClCompile Include="QRCode.cpp">
      <Filter>Source Files</Filter>
    </ClCompile>
    <ClCompile Include="Screenshot.cpp">
      <Filter>Source Files</Filter>
    </ClCompile>
    <ClCompile Include="stdafx.cpp">
      <Filter>Source Files</Filter>
    </ClCompile>
    <ClCompile Include="zMultimediaO.cpp">
      <Filter>Source Files</Filter>
    </ClCompile>
  </ItemGroup>
</Project>