<?xml version="1.0" encoding="utf-8"?>
<Project ToolsVersion="4.0" xmlns="http://schemas.microsoft.com/developer/msbuild/2003">
  <ItemGroup>
    <ClCompile Include="..\Break.cpp" />
    <ClCompile Include="..\citer.cpp" />
    <ClCompile Include="..\Do_xtab.cpp" />
    <ClCompile Include="..\engdrv.cpp" />
    <ClCompile Include="..\Exappl.cpp" />
    <ClCompile Include="..\exapplva.cpp" />
    <ClCompile Include="..\Exbatchf.cpp" />
    <ClCompile Include="..\Exopfile.cpp" />
    <ClCompile Include="..\Exportf1.cpp" />
    <ClCompile Include="..\gpsfuncs.cpp" />
    <ClCompile Include="..\intcapi.cpp" />
    <ClCompile Include="..\IntCase.cpp" />
    <ClCompile Include="..\Intchars.cpp" />
    <ClCompile Include="..\IntDataAccess.cpp" />
    <ClCompile Include="..\IntDiagnostics.cpp" />
    <ClCompile Include="..\Intdrive.cpp" />
    <ClCompile Include="..\IntDynamicLogicEvaluation.cpp" />
    <ClCompile Include="..\InterpreterAccessor.cpp" />
    <ClCompile Include="..\Intexpr.cpp" />
    <ClCompile Include="..\Intextdi.cpp" />
    <ClCompile Include="..\IntFreq.cpp" />
    <ClCompile Include="..\Intfuncs.cpp" />
    <ClCompile Include="..\IntImpute.cpp" />
    <ClCompile Include="..\IntInstr.cpp" />
    <ClCompile Include="..\IntItem.cpp" />
    <ClCompile Include="..\IntLanguage.cpp" />
    <ClCompile Include="..\IntMessages.cpp" />
    <ClCompile Include="..\IntOccurrences.cpp" />
    <ClCompile Include="..\IntPath.cpp" />
    <ClCompile Include="..\IntPff.cpp" />
    <ClCompile Include="..\IntPre77Report.cpp" />
    <ClCompile Include="..\IntProgramControl.cpp" />
    <ClCompile Include="..\IntProperties.cpp" />
    <ClCompile Include="..\IntQuery.cpp" />
    <ClCompile Include="..\IntSync.cpp" />
    <ClCompile Include="..\Inttbl.cpp" />
    <ClCompile Include="..\IntUserbar.cpp" />
    <ClCompile Include="..\IntUserFunction.cpp" />
    <ClCompile Include="..\IntUserInterface.cpp" />
    <ClCompile Include="..\IntValues.cpp" />
    <ClCompile Include="..\IntVariable.cpp" />
    <ClCompile Include="..\Intxtab.cpp" />
    <ClCompile Include="..\Int_set.cpp" />
    <ClCompile Include="..\Listing.cpp" />
    <ClCompile Include="..\Nextnode.cpp" />
    <ClCompile Include="..\ParadataDriver.cpp" />
    <ClCompile Include="..\Pre80Routines.cpp" />
    <ClCompile Include="..\Tabfuncs.cpp" />
    <ClCompile Include="..\Tbd_save.cpp" />
    <ClCompile Include="..\VTSTRUCT.cpp" />
  </ItemGroup>
</Project>