<?xml version="1.0" encoding="utf-8"?>
<Project ToolsVersion="4.0" xmlns="http://schemas.microsoft.com/developer/msbuild/2003">
  <ItemGroup>
    <Filter Include="Source Files">
      <UniqueIdentifier>{4FC737F1-C7A5-4376-A066-2A32D752A2FF}</UniqueIdentifier>
      <Extensions>cpp;c;cc;cxx;c++;cppm;ixx;def;odl;idl;hpj;bat;asm;asmx</Extensions>
    </Filter>
    <Filter Include="Header Files">
      <UniqueIdentifier>{93995380-89BD-4b04-88EB-625FBE52EBFB}</UniqueIdentifier>
      <Extensions>h;hh;hpp;hxx;h++;hm;inl;inc;ipp;xsd</Extensions>
    </Filter>
    <Filter Include="easylogging">
      <UniqueIdentifier>{762e0119-2314-4724-9fd0-f3a59d944838}</UniqueIdentifier>
    </Filter>
    <Filter Include="Resource Files">
      <UniqueIdentifier>{67DA6AB6-F800-4c08-8B7A-83BB121AAD01}</UniqueIdentifier>
      <Extensions>rc;ico;cur;bmp;dlg;rc2;rct;bin;rgs;gif;jpg;jpeg;jpe;resx;tiff;tif;png;wav;mfcribbon-ms</Extensions>
    </Filter>
  </ItemGroup>
  <ItemGroup>
    <ClCompile Include="..\external\easylogging\easylogging++.cc">
      <Filter>easylogging</Filter>
    </ClCompile>
    <ClCompile Include="CSWebConnection.cpp">
      <Filter>Source Files</Filter>
    </ClCompile>
    <ClCompile Include="CurlFtpConnection.cpp">
      <Filter>Source Files</Filter>
    </ClCompile>
    <ClCompile Include="CurlHttpConnection.cpp">
      <Filter>Source Files</Filter>
    </ClCompile>
    <ClCompile Include="CurlWrapper.cpp">
      <Filter>Source Files</Filter>
    </ClCompile>
    <ClCompile Include="DropboxConnection.cpp">
      <Filter>Source Files</Filter>
    </ClCompile>
    <ClCompile Include="FileBasedConnection.cpp">
      <Filter>Source Files</Filter>
    </ClCompile>
    <ClCompile Include="FtpConnection.cpp">
      <Filter>Source Files</Filter>
    </ClCompile>
    <ClCompile Include="HeaderList.cpp">
      <Filter>Source Files</Filter>
    </ClCompile>
    <ClCompile Include="HttpConnection.cpp">
      <Filter>Source Files</Filter>
    </ClCompile>
    <ClCompile Include="LocalFileConnection.cpp">
      <Filter>Source Files</Filter>
    </ClCompile>
    <ClCompile Include="LoginAccessor.cpp">
      <Filter>Source Files</Filter>
    </ClCompile>
    <ClCompile Include="LoginCredentials.cpp">
      <Filter>Source Files</Filter>
    </ClCompile>
    <ClCompile Include="LoginDlg.cpp">
      <Filter>Source Files</Filter>
    </ClCompile>
    <ClCompile Include="OAuth2Authorizer.cpp">
      <Filter>Source Files</Filter>
    </ClCompile>
    <ClCompile Include="ObjectSerialization.cpp">
      <Filter>Source Files</Filter>
    </ClCompile>
    <ClCompile Include="stdafx.cpp">
      <Filter>Source Files</Filter>
    </ClCompile>
    <ClCompile Include="SyncCredentialStore.cpp">
      <Filter>Source Files</Filter>
    </ClCompile>
    <ClCompile Include="SyncException.cpp">
      <Filter>Source Files</Filter>
    </ClCompile>
    <ClCompile Include="SyncListener.cpp">
      <Filter>Source Files</Filter>
    </ClCompile>
    <ClCompile Include="SyncLog.cpp">
      <Filter>Source Files</Filter>
    </ClCompile>
    <ClCompile Include="SyncLogSyncListener.cpp">
      <Filter>Source Files</Filter>
    </ClCompile>
    <ClCompile Include="WindowsOAuth2Authorizer.cpp">
      <Filter>Source Files</Filter>
    </ClCompile>
    <ClCompile Include="WindowsOAuth2AuthorizerWaitDlg.cpp">
      <Filter>Source Files</Filter>
    </ClCompile>
    <ClCompile Include="zNetwork.cpp">
      <Filter>Source Files</Filter>
    </ClCompile>
  </ItemGroup>
  <ItemGroup>
    <ClInclude Include="..\external\easylogging\easylogging++.h">
      <Filter>easylogging</Filter>
    </ClInclude>
    <ClInclude Include="ConnectResponse.h">
      <Filter>Header Files</Filter>
    </ClInclude>
    <ClInclude Include="CSWebConnection.h">
      <Filter>Header Files</Filter>
    </ClInclude>
    <ClInclude Include="CSWebUser.h">
      <Filter>Header Files</Filter>
    </ClInclude>
    <ClInclude Include="CurlFtpConnection.h">
      <Filter>Header Files</Filter>
    </ClInclude>
    <ClInclude Include="CurlHttpConnection.h">
      <Filter>Header Files</Filter>
    </ClInclude>
    <ClInclude Include="CurlWrapper.h">
      <Filter>Header Files</Filter>
    </ClInclude>
    <ClInclude Include="DropboxConnection.h">
      <Filter>Header Files</Filter>
    </ClInclude>
    <ClInclude Include="FileBasedConnection.h">
      <Filter>Header Files</Filter>
    </ClInclude>
    <ClInclude Include="FileInfo.h">
      <Filter>Header Files</Filter>
    </ClInclude>
    <ClInclude Include="FtpConnection.h">
      <Filter>Header Files</Filter>
    </ClInclude>
    <ClInclude Include="HeaderList.h">
      <Filter>Header Files</Filter>
    </ClInclude>
    <ClInclude Include="HttpConnection.h">
      <Filter>Header Files</Filter>
    </ClInclude>
    <ClInclude Include="LocalFileConnection.h">
      <Filter>Header Files</Filter>
    </ClInclude>
    <ClInclude Include="LoginAccessor.h">
      <Filter>Header Files</Filter>
    </ClInclude>
    <ClInclude Include="LoginCredentials.h">
      <Filter>Header Files</Filter>
    </ClInclude>
    <ClInclude Include="LoginDlg.h">
      <Filter>Header Files</Filter>
    </ClInclude>
    <ClInclude Include="OAuth2AuthenticationParameters.h">
      <Filter>Header Files</Filter>
    </ClInclude>
    <ClInclude Include="OAuth2Authorizer.h">
      <Filter>Header Files</Filter>
    </ClInclude>
    <ClInclude Include="OAuth2Token.h">
      <Filter>Header Files</Filter>
    </ClInclude>
    <ClInclude Include="ObservableResponseBody.h">
      <Filter>Header Files</Filter>
    </ClInclude>
    <ClInclude Include="ParsedUri.h">
      <Filter>Header Files</Filter>
    </ClInclude>
    <ClInclude Include="resource.h">
      <Filter>Header Files</Filter>
    </ClInclude>
    <ClInclude Include="stdafx.h">
      <Filter>Header Files</Filter>
    </ClInclude>
    <ClInclude Include="StreamCopier.h">
      <Filter>Header Files</Filter>
    </ClInclude>
    <ClInclude Include="SyncConnectionStringProperties.h">
      <Filter>Header Files</Filter>
    </ClInclude>
    <ClInclude Include="SyncCredentialStore.h">
      <Filter>Header Files</Filter>
    </ClInclude>
    <ClInclude Include="SyncCustomHeaders.h">
      <Filter>Header Files</Filter>
    </ClInclude>
    <ClInclude Include="SyncException.h">
      <Filter>Header Files</Filter>
    </ClInclude>
    <ClInclude Include="SyncListener.h">
      <Filter>Header Files</Filter>
    </ClInclude>
    <ClInclude Include="SyncListenerRAII.h">
      <Filter>Header Files</Filter>
    </ClInclude>
    <ClInclude Include="SyncListenerWrapper.h">
      <Filter>Header Files</Filter>
    </ClInclude>
    <ClInclude Include="SyncLog.h">
      <Filter>Header Files</Filter>
    </ClInclude>
    <ClInclude Include="SyncLogSyncListener.h">
      <Filter>Header Files</Filter>
    </ClInclude>
    <ClInclude Include="UsernamePassword.h">
      <Filter>Header Files</Filter>
    </ClInclude>
    <ClInclude Include="WindowsOAuth2Authorizer.h">
      <Filter>Header Files</Filter>
    </ClInclude>
    <ClInclude Include="WindowsOAuth2AuthorizerWaitDlg.h">
      <Filter>Header Files</Filter>
    </ClInclude>
    <ClInclude Include="zNetwork.h">
      <Filter>Header Files</Filter>
    </ClInclude>
  </ItemGroup>
  <ItemGroup>
    <ResourceCompile Include="zNetwork.rc">
      <Filter>Resource Files</Filter>
    </ResourceCompile>
  </ItemGroup>
</Project>