
Microsoft Visual Studio Solution File, Format Version 12.00
# Visual Studio Version 18
VisualStudioVersion = 18.0.11205.157
MinimumVisualStudioVersion = 10.0.40219.1
Project("{FAE04EC0-301F-11D3-BF4B-00C04F79EFBC}") = "Stygitan", "Stygitan.csproj", "{7839F076-20DE-4334-B1DC-A76B2D3CB754}"
EndProject
Global
	GlobalSection(SolutionConfigurationPlatforms) = preSolution
		Debug|Any CPU = Debug|Any CPU
		Release|Any CPU = Release|Any CPU
	EndGlobalSection
	GlobalSection(ProjectConfigurationPlatforms) = postSolution
		{7839F076-20DE-4334-B1DC-A76B2D3CB754}.Debug|Any CPU.ActiveCfg = Debug|Any CPU
		{7839F076-20DE-4334-B1DC-A76B2D3CB754}.Debug|Any CPU.Build.0 = Debug|Any CPU
		{7839F076-20DE-4334-B1DC-A76B2D3CB754}.Release|Any CPU.ActiveCfg = Release|Any CPU
		{7839F076-20DE-4334-B1DC-A76B2D3CB754}.Release|Any CPU.Build.0 = Release|Any CPU
	EndGlobalSection
	GlobalSection(SolutionProperties) = preSolution
		HideSolutionNode = FALSE
	EndGlobalSection
	GlobalSection(ExtensibilityGlobals) = postSolution
		SolutionGuid = {1E185125-6372-438F-92FC-C9757936D1B1}
	EndGlobalSection
EndGlobal
