
Microsoft Visual Studio Solution File, Format Version 12.00
# Visual Studio Version 18
VisualStudioVersion = 18.0.11217.181
MinimumVisualStudioVersion = 10.0.40219.1
Project("{2150E333-8FDC-42A3-9474-1A3956D46DE8}") = "Solution Items", "Solution Items", "{5CF05088-C7EC-4D59-9D52-342F096BD187}"
	ProjectSection(SolutionItems) = preProject
		..\.editorconfig = ..\.editorconfig
	EndProjectSection
EndProject
Project("{8BC9CEB8-8B4A-11D0-8D11-00A0C91BC942}") = "zToolsO", "..\cspro\zToolsO\zToolsO.vcxproj", "{FB0E28EC-927D-41D0-996C-01C21A7A346B}"
EndProject
Project("{8BC9CEB8-8B4A-11D0-8D11-00A0C91BC942}") = "zSql", "..\cspro\zSql\zSql.vcxproj", "{D20EDED4-35E5-465C-A43E-746F632D4EAF}"
EndProject
Project("{8BC9CEB8-8B4A-11D0-8D11-00A0C91BC942}") = "zJson", "..\cspro\zJson\zJson.vcxproj", "{44A4FE38-CA5A-487C-A227-4BE1EBD4874D}"
EndProject
Project("{8BC9CEB8-8B4A-11D0-8D11-00A0C91BC942}") = "zUtilO", "..\cspro\zUtilO\zUtilO.vcxproj", "{9B29CB57-8263-4E12-8908-CC9641FDF0DC}"
EndProject
Project("{8BC9CEB8-8B4A-11D0-8D11-00A0C91BC942}") = "Generate Combined License", "Licenses\Generate Combined License\Generate Combined License.vcxproj", "{136E9F86-E8BC-4B65-9977-269D351BC8F6}"
EndProject
Project("{8BC9CEB8-8B4A-11D0-8D11-00A0C91BC942}") = "Resource ID Numberer", "Resource ID Numberer\Resource ID Numberer\Resource ID Numberer.vcxproj", "{7BE1BA82-8D4D-486B-9FB7-7647B2D2E09F}"
EndProject
Project("{8BC9CEB8-8B4A-11D0-8D11-00A0C91BC942}") = "Project File Manager", "Project File Manager\Project File Manager.vcxproj", "{1E323209-A098-4688-8A2D-8C60DB1963C1}"
EndProject
Project("{8BC9CEB8-8B4A-11D0-8D11-00A0C91BC942}") = "zMessageO", "..\cspro\zMessageO\zMessageO.vcxproj", "{4B7117AC-94A3-429E-BC5E-A59FBB34051E}"
EndProject
Project("{8BC9CEB8-8B4A-11D0-8D11-00A0C91BC942}") = "Messages Processor", "Messages Processor\Messages Processor.vcxproj", "{950EBAF2-8A41-4D60-9A26-CB6BA506A56A}"
EndProject
Project("{8BC9CEB8-8B4A-11D0-8D11-00A0C91BC942}") = "zAppO", "..\cspro\zAppO\zAppO.vcxproj", "{A417C381-2AFD-4889-AE6B-A15E8436DA45}"
EndProject
Project("{8BC9CEB8-8B4A-11D0-8D11-00A0C91BC942}") = "zLogicO", "..\cspro\zLogicO\zLogicO.vcxproj", "{BC0D77B3-18EF-4554-A94F-650AF6F7C87C}"
EndProject
Project("{8BC9CEB8-8B4A-11D0-8D11-00A0C91BC942}") = "Action Invoker Definition Updater", "Action Invoker Definition Updater\Action Invoker Definition Updater.vcxproj", "{FEC7FFEC-B20F-4ADC-9D6B-CEAA82F844AB}"
EndProject
Project("{8BC9CEB8-8B4A-11D0-8D11-00A0C91BC942}") = "zZip", "..\cspro\zZip\zZip.vcxproj", "{BDE6D79F-D295-48BA-8E8C-E2AB1EDA0646}"
EndProject
Project("{8BC9CEB8-8B4A-11D0-8D11-00A0C91BC942}") = "zHtml", "..\cspro\zHtml\zHtml.vcxproj", "{5F74A167-59D5-48A7-A54C-1964BD5543C2}"
EndProject
Project("{8BC9CEB8-8B4A-11D0-8D11-00A0C91BC942}") = "zUtilF", "..\cspro\zUtilF\zUtilF.vcxproj", "{40427473-971C-41EE-ADEB-23795522E112}"
EndProject
Project("{8BC9CEB8-8B4A-11D0-8D11-00A0C91BC942}") = "CSPro Users Website Builder", "CSPro Users Website Builder\CSProUsersWebsiteBuilder.vcxproj", "{E8E3C360-2D0C-403A-AD8B-26B0905EF76D}"
EndProject
Project("{8BC9CEB8-8B4A-11D0-8D11-00A0C91BC942}") = "zNetwork", "..\cspro\zNetwork\zNetwork.vcxproj", "{07D7DA9D-03ED-437C-8A1F-CB2E76A3EF6A}"
EndProject
Project("{8BC9CEB8-8B4A-11D0-8D11-00A0C91BC942}") = "Open Source Release Creator", "Open Source Release Creator\OpenSourceReleaseCreator.vcxproj", "{6DC25DFA-F0E9-4E2F-88C2-EDB6FE911C67}"
EndProject
Project("{FAE04EC0-301F-11D3-BF4B-00C04F79EFBC}") = "Update Version", "Update Version\Update Version.csproj", "{47FCCC02-4D56-4CB6-87E5-EA3D1954AB00}"
EndProject
Project("{FAE04EC0-301F-11D3-BF4B-00C04F79EFBC}") = "Update SQLite Encryption Extension (SEE)", "Update SQLite Encryption Extension (SEE)\Update SQLite Encryption Extension (SEE).csproj", "{641D2930-922C-4FC7-A4E0-50F9160AE70E}"
EndProject
Project("{FAE04EC0-301F-11D3-BF4B-00C04F79EFBC}") = "Toolbar Creator", "Toolbar Creator\Toolbar Creator.csproj", "{26E6C556-F2ED-4DC2-B41B-19777E615EF4}"
EndProject
Project("{FAE04EC0-301F-11D3-BF4B-00C04F79EFBC}") = "Installer Generator", "Installer Generator\Installer Generator.csproj", "{4916320C-B9BB-4C82-822E-73A95EC8D569}"
EndProject
Project("{8BC9CEB8-8B4A-11D0-8D11-00A0C91BC942}") = "zDictO", "..\cspro\zDictO\zDictO.vcxproj", "{B33D6166-52A8-453E-837E-E23B233149E9}"
EndProject
Project("{8BC9CEB8-8B4A-11D0-8D11-00A0C91BC942}") = "zFormO", "..\cspro\zFormO\zFormO.vcxproj", "{0837641D-6F03-4F33-9EB5-C03D2CA8EDB0}"
EndProject
Project("{8BC9CEB8-8B4A-11D0-8D11-00A0C91BC942}") = "zTableO", "..\cspro\zTableO\zTableO.vcxproj", "{192CBDCE-78BC-4C95-9C9E-9BEE530D677C}"
EndProject
Project("{8BC9CEB8-8B4A-11D0-8D11-00A0C91BC942}") = "zBridgeO", "..\cspro\zBridgeO\zBridgeO.vcxproj", "{E525331A-400F-4D7C-9F69-451E14844A3B}"
EndProject
Project("{8BC9CEB8-8B4A-11D0-8D11-00A0C91BC942}") = "zGridO", "..\cspro\zGridO\zGridO.vcxproj", "{7179E255-3DE3-45FD-939B-CBD0A7F41761}"
EndProject
Project("{8BC9CEB8-8B4A-11D0-8D11-00A0C91BC942}") = "zInterfaceF", "..\cspro\zInterfaceF\zInterfaceF.vcxproj", "{A777B4A3-A0B4-4F0E-86C4-7077630E0B54}"
EndProject
Project("{8BC9CEB8-8B4A-11D0-8D11-00A0C91BC942}") = "zDataO", "..\cspro\zDataO\zDataO.vcxproj", "{DDE177B0-A6AE-4D1F-B707-8FB50D1B5644}"
EndProject
Project("{8BC9CEB8-8B4A-11D0-8D11-00A0C91BC942}") = "zCaseO", "..\cspro\zCaseO\zCaseO.vcxproj", "{07DBFF40-0CF4-4A19-8933-BFF4E8B358BC}"
EndProject
Project("{8BC9CEB8-8B4A-11D0-8D11-00A0C91BC942}") = "zEditO", "..\cspro\zEditO\zEditO.vcxproj", "{ADEF6FC1-00EE-4F3A-84DD-43EE2F108BB0}"
EndProject
Project("{8BC9CEB8-8B4A-11D0-8D11-00A0C91BC942}") = "zExcelO", "..\cspro\zExcelO\zExcelO.vcxproj", "{95F42A46-C902-46A3-9D04-24B20F9854C6}"
EndProject
Project("{8BC9CEB8-8B4A-11D0-8D11-00A0C91BC942}") = "zParadataO", "..\cspro\zParadataO\zParadataO.vcxproj", "{F067B9E5-0940-4A24-B1DD-29654408F28B}"
EndProject
Project("{8BC9CEB8-8B4A-11D0-8D11-00A0C91BC942}") = "zExportO", "..\cspro\zExportO\zExportO.vcxproj", "{E462AFA3-0A1E-4309-A5FC-9987D5BE07FA}"
EndProject
Project("{8BC9CEB8-8B4A-11D0-8D11-00A0C91BC942}") = "zScintilla", "..\cspro\zScintilla\win32\zScintilla.vcxproj", "{FBE04237-9C7B-4973-9C60-505975998B39}"
EndProject
Project("{8BC9CEB8-8B4A-11D0-8D11-00A0C91BC942}") = "zEngineO", "..\cspro\zEngineO\zEngineO.vcxproj", "{45DADBF6-072A-4A5F-94B3-39FB607807F2}"
EndProject
Project("{8BC9CEB8-8B4A-11D0-8D11-00A0C91BC942}") = "zConcatO", "..\cspro\zConcatO\zConcatO.vcxproj", "{78A5F1E5-5216-4097-A207-2D4161C073CC}"
EndProject
Project("{8BC9CEB8-8B4A-11D0-8D11-00A0C91BC942}") = "zReformatO", "..\cspro\zReformatO\zReformatO.vcxproj", "{DA3B5649-1C4A-4935-BC9B-4908879ADEC9}"
EndProject
Project("{8BC9CEB8-8B4A-11D0-8D11-00A0C91BC942}") = "zDiffO", "..\cspro\zDiffO\zDiffO.vcxproj", "{AF611DFB-978A-46B4-A264-9702F41EF4F0}"
EndProject
Project("{8BC9CEB8-8B4A-11D0-8D11-00A0C91BC942}") = "zFreqO", "..\cspro\zFreqO\zFreqO.vcxproj", "{48F0CBB2-B1BB-42A0-BEBB-899CE2479F64}"
EndProject
Project("{8BC9CEB8-8B4A-11D0-8D11-00A0C91BC942}") = "zListingO", "..\cspro\zListingO\zListingO.vcxproj", "{15F84C2E-C943-4448-856D-641AC229E3C2}"
EndProject
Project("{8BC9CEB8-8B4A-11D0-8D11-00A0C91BC942}") = "zIndexO", "..\cspro\zIndexO\zIndexO.vcxproj", "{7AEF3DCC-6117-4029-9BDE-5ED800332E29}"
EndProject
Project("{8BC9CEB8-8B4A-11D0-8D11-00A0C91BC942}") = "zJavaScript", "..\cspro\zJavaScript\zJavaScript.vcxproj", "{8187AAD7-A872-4A95-B650-E197F40BC1C1}"
EndProject
Project("{8BC9CEB8-8B4A-11D0-8D11-00A0C91BC942}") = "zViewO", "..\cspro\zViewO\zViewO.vcxproj", "{27008D1D-BBBC-4506-8679-BE5DB42026BC}"
EndProject
Project("{8BC9CEB8-8B4A-11D0-8D11-00A0C91BC942}") = "zMarkdown", "..\cspro\zMarkdown\zMarkdown.vcxproj", "{4C225EE5-CEA1-4516-BFA4-4BB49940AF51}"
EndProject
Project("{8BC9CEB8-8B4A-11D0-8D11-00A0C91BC942}") = "zMapping", "..\cspro\zMapping\zMapping.vcxproj", "{BB03B600-1CCF-4875-9300-26AD969E8D80}"
EndProject
Project("{8BC9CEB8-8B4A-11D0-8D11-00A0C91BC942}") = "zMultimediaO", "..\cspro\zMultimediaO\zMultimediaO.vcxproj", "{EA52B4FA-021B-4F0C-8209-EF54AA538476}"
EndProject
Project("{8BC9CEB8-8B4A-11D0-8D11-00A0C91BC942}") = "zXml", "..\cspro\zXml\zXml.vcxproj", "{095937E2-85AC-4565-9990-72E8B3A09C90}"
EndProject
Project("{8BC9CEB8-8B4A-11D0-8D11-00A0C91BC942}") = "zPackO", "..\cspro\zPackO\zPackO.vcxproj", "{9E5E9D64-F6DA-11EC-B939-0242AC120002}"
EndProject
Project("{8BC9CEB8-8B4A-11D0-8D11-00A0C91BC942}") = "zSortO", "..\cspro\zSortO\zSortO.vcxproj", "{D4CA666C-F10E-4BC1-BC08-BA291052C1D9}"
EndProject
Project("{8BC9CEB8-8B4A-11D0-8D11-00A0C91BC942}") = "zCapiO", "..\cspro\zCapiO\zCapiO.vcxproj", "{9CFF378D-0D09-4800-866D-5FAB8DF44FBF}"
EndProject
Project("{8BC9CEB8-8B4A-11D0-8D11-00A0C91BC942}") = "zYaml", "..\cspro\zYaml\zYaml.vcxproj", "{0476F3BC-79CC-4653-BA60-31BB8DEAD056}"
EndProject
Project("{8BC9CEB8-8B4A-11D0-8D11-00A0C91BC942}") = "zRtf", "..\cspro\zRtf\zRtf.vcxproj", "{F5702EFD-6D1C-4591-BC10-184BABF8C4E1}"
EndProject
Project("{8BC9CEB8-8B4A-11D0-8D11-00A0C91BC942}") = "Update Example Files", "Update Example Files\Update Example Files.vcxproj", "{23B7DB2D-E00E-48BC-81A1-130FD46E6077}"
EndProject
Project("{8BC9CEB8-8B4A-11D0-8D11-00A0C91BC942}") = "zGit", "..\cspro\zGit\zGit.vcxproj", "{01396FA2-BCA6-4F57-9346-EC468DB7E0A6}"
EndProject
Project("{8BC9CEB8-8B4A-11D0-8D11-00A0C91BC942}") = "Stygitan", "Stygitan\Stygitan.vcxproj", "{619BCC6B-FB82-4273-8507-25AEC1D42339}"
EndProject
Global
	GlobalSection(SolutionConfigurationPlatforms) = preSolution
		Debug|x64 = Debug|x64
		Release|x64 = Release|x64
	EndGlobalSection
	GlobalSection(ProjectConfigurationPlatforms) = postSolution
		{FB0E28EC-927D-41D0-996C-01C21A7A346B}.Debug|x64.ActiveCfg = Debug|x64
		{FB0E28EC-927D-41D0-996C-01C21A7A346B}.Debug|x64.Build.0 = Debug|x64
		{FB0E28EC-927D-41D0-996C-01C21A7A346B}.Release|x64.ActiveCfg = Release|x64
		{FB0E28EC-927D-41D0-996C-01C21A7A346B}.Release|x64.Build.0 = Release|x64
		{D20EDED4-35E5-465C-A43E-746F632D4EAF}.Debug|x64.ActiveCfg = Debug|x64
		{D20EDED4-35E5-465C-A43E-746F632D4EAF}.Debug|x64.Build.0 = Debug|x64
		{D20EDED4-35E5-465C-A43E-746F632D4EAF}.Release|x64.ActiveCfg = Release|x64
		{D20EDED4-35E5-465C-A43E-746F632D4EAF}.Release|x64.Build.0 = Release|x64
		{44A4FE38-CA5A-487C-A227-4BE1EBD4874D}.Debug|x64.ActiveCfg = Debug|x64
		{44A4FE38-CA5A-487C-A227-4BE1EBD4874D}.Debug|x64.Build.0 = Debug|x64
		{44A4FE38-CA5A-487C-A227-4BE1EBD4874D}.Release|x64.ActiveCfg = Release|x64
		{44A4FE38-CA5A-487C-A227-4BE1EBD4874D}.Release|x64.Build.0 = Release|x64
		{9B29CB57-8263-4E12-8908-CC9641FDF0DC}.Debug|x64.ActiveCfg = Debug|x64
		{9B29CB57-8263-4E12-8908-CC9641FDF0DC}.Debug|x64.Build.0 = Debug|x64
		{9B29CB57-8263-4E12-8908-CC9641FDF0DC}.Release|x64.ActiveCfg = Release|x64
		{9B29CB57-8263-4E12-8908-CC9641FDF0DC}.Release|x64.Build.0 = Release|x64
		{136E9F86-E8BC-4B65-9977-269D351BC8F6}.Debug|x64.ActiveCfg = Debug|x64
		{136E9F86-E8BC-4B65-9977-269D351BC8F6}.Debug|x64.Build.0 = Debug|x64
		{136E9F86-E8BC-4B65-9977-269D351BC8F6}.Release|x64.ActiveCfg = Release|x64
		{136E9F86-E8BC-4B65-9977-269D351BC8F6}.Release|x64.Build.0 = Release|x64
		{7BE1BA82-8D4D-486B-9FB7-7647B2D2E09F}.Debug|x64.ActiveCfg = Debug|x64
		{7BE1BA82-8D4D-486B-9FB7-7647B2D2E09F}.Debug|x64.Build.0 = Debug|x64
		{7BE1BA82-8D4D-486B-9FB7-7647B2D2E09F}.Release|x64.ActiveCfg = Release|x64
		{7BE1BA82-8D4D-486B-9FB7-7647B2D2E09F}.Release|x64.Build.0 = Release|x64
		{1E323209-A098-4688-8A2D-8C60DB1963C1}.Debug|x64.ActiveCfg = Debug|x64
		{1E323209-A098-4688-8A2D-8C60DB1963C1}.Debug|x64.Build.0 = Debug|x64
		{1E323209-A098-4688-8A2D-8C60DB1963C1}.Release|x64.ActiveCfg = Release|x64
		{1E323209-A098-4688-8A2D-8C60DB1963C1}.Release|x64.Build.0 = Release|x64
		{4B7117AC-94A3-429E-BC5E-A59FBB34051E}.Debug|x64.ActiveCfg = Debug|x64
		{4B7117AC-94A3-429E-BC5E-A59FBB34051E}.Debug|x64.Build.0 = Debug|x64
		{4B7117AC-94A3-429E-BC5E-A59FBB34051E}.Release|x64.ActiveCfg = Release|x64
		{4B7117AC-94A3-429E-BC5E-A59FBB34051E}.Release|x64.Build.0 = Release|x64
		{950EBAF2-8A41-4D60-9A26-CB6BA506A56A}.Debug|x64.ActiveCfg = Debug|x64
		{950EBAF2-8A41-4D60-9A26-CB6BA506A56A}.Debug|x64.Build.0 = Debug|x64
		{950EBAF2-8A41-4D60-9A26-CB6BA506A56A}.Release|x64.ActiveCfg = Release|x64
		{950EBAF2-8A41-4D60-9A26-CB6BA506A56A}.Release|x64.Build.0 = Release|x64
		{A417C381-2AFD-4889-AE6B-A15E8436DA45}.Debug|x64.ActiveCfg = Debug|x64
		{A417C381-2AFD-4889-AE6B-A15E8436DA45}.Debug|x64.Build.0 = Debug|x64
		{A417C381-2AFD-4889-AE6B-A15E8436DA45}.Release|x64.ActiveCfg = Release|x64
		{A417C381-2AFD-4889-AE6B-A15E8436DA45}.Release|x64.Build.0 = Release|x64
		{BC0D77B3-18EF-4554-A94F-650AF6F7C87C}.Debug|x64.ActiveCfg = Debug|x64
		{BC0D77B3-18EF-4554-A94F-650AF6F7C87C}.Debug|x64.Build.0 = Debug|x64
		{BC0D77B3-18EF-4554-A94F-650AF6F7C87C}.Release|x64.ActiveCfg = Release|x64
		{BC0D77B3-18EF-4554-A94F-650AF6F7C87C}.Release|x64.Build.0 = Release|x64
		{FEC7FFEC-B20F-4ADC-9D6B-CEAA82F844AB}.Debug|x64.ActiveCfg = Debug|x64
		{FEC7FFEC-B20F-4ADC-9D6B-CEAA82F844AB}.Debug|x64.Build.0 = Debug|x64
		{FEC7FFEC-B20F-4ADC-9D6B-CEAA82F844AB}.Release|x64.ActiveCfg = Release|x64
		{FEC7FFEC-B20F-4ADC-9D6B-CEAA82F844AB}.Release|x64.Build.0 = Release|x64
		{BDE6D79F-D295-48BA-8E8C-E2AB1EDA0646}.Debug|x64.ActiveCfg = Debug|x64
		{BDE6D79F-D295-48BA-8E8C-E2AB1EDA0646}.Debug|x64.Build.0 = Debug|x64
		{BDE6D79F-D295-48BA-8E8C-E2AB1EDA0646}.Release|x64.ActiveCfg = Release|x64
		{BDE6D79F-D295-48BA-8E8C-E2AB1EDA0646}.Release|x64.Build.0 = Release|x64
		{5F74A167-59D5-48A7-A54C-1964BD5543C2}.Debug|x64.ActiveCfg = Debug|x64
		{5F74A167-59D5-48A7-A54C-1964BD5543C2}.Debug|x64.Build.0 = Debug|x64
		{5F74A167-59D5-48A7-A54C-1964BD5543C2}.Release|x64.ActiveCfg = Release|x64
		{5F74A167-59D5-48A7-A54C-1964BD5543C2}.Release|x64.Build.0 = Release|x64
		{40427473-971C-41EE-ADEB-23795522E112}.Debug|x64.ActiveCfg = Debug|x64
		{40427473-971C-41EE-ADEB-23795522E112}.Debug|x64.Build.0 = Debug|x64
		{40427473-971C-41EE-ADEB-23795522E112}.Release|x64.ActiveCfg = Release|x64
		{40427473-971C-41EE-ADEB-23795522E112}.Release|x64.Build.0 = Release|x64
		{E8E3C360-2D0C-403A-AD8B-26B0905EF76D}.Debug|x64.ActiveCfg = Debug|x64
		{E8E3C360-2D0C-403A-AD8B-26B0905EF76D}.Debug|x64.Build.0 = Debug|x64
		{E8E3C360-2D0C-403A-AD8B-26B0905EF76D}.Release|x64.ActiveCfg = Release|x64
		{E8E3C360-2D0C-403A-AD8B-26B0905EF76D}.Release|x64.Build.0 = Release|x64
		{07D7DA9D-03ED-437C-8A1F-CB2E76A3EF6A}.Debug|x64.ActiveCfg = Debug|x64
		{07D7DA9D-03ED-437C-8A1F-CB2E76A3EF6A}.Debug|x64.Build.0 = Debug|x64
		{07D7DA9D-03ED-437C-8A1F-CB2E76A3EF6A}.Release|x64.ActiveCfg = Release|x64
		{07D7DA9D-03ED-437C-8A1F-CB2E76A3EF6A}.Release|x64.Build.0 = Release|x64
		{6DC25DFA-F0E9-4E2F-88C2-EDB6FE911C67}.Debug|x64.ActiveCfg = Debug|x64
		{6DC25DFA-F0E9-4E2F-88C2-EDB6FE911C67}.Debug|x64.Build.0 = Debug|x64
		{6DC25DFA-F0E9-4E2F-88C2-EDB6FE911C67}.Release|x64.ActiveCfg = Release|x64
		{6DC25DFA-F0E9-4E2F-88C2-EDB6FE911C67}.Release|x64.Build.0 = Release|x64
		{47FCCC02-4D56-4CB6-87E5-EA3D1954AB00}.Debug|x64.ActiveCfg = Debug|x64
		{47FCCC02-4D56-4CB6-87E5-EA3D1954AB00}.Debug|x64.Build.0 = Debug|x64
		{47FCCC02-4D56-4CB6-87E5-EA3D1954AB00}.Release|x64.ActiveCfg = Release|x64
		{47FCCC02-4D56-4CB6-87E5-EA3D1954AB00}.Release|x64.Build.0 = Release|x64
		{641D2930-922C-4FC7-A4E0-50F9160AE70E}.Debug|x64.ActiveCfg = Debug|x64
		{641D2930-922C-4FC7-A4E0-50F9160AE70E}.Debug|x64.Build.0 = Debug|x64
		{641D2930-922C-4FC7-A4E0-50F9160AE70E}.Release|x64.ActiveCfg = Release|x64
		{641D2930-922C-4FC7-A4E0-50F9160AE70E}.Release|x64.Build.0 = Release|x64
		{26E6C556-F2ED-4DC2-B41B-19777E615EF4}.Debug|x64.ActiveCfg = Debug|x64
		{26E6C556-F2ED-4DC2-B41B-19777E615EF4}.Debug|x64.Build.0 = Debug|x64
		{26E6C556-F2ED-4DC2-B41B-19777E615EF4}.Release|x64.ActiveCfg = Release|x64
		{26E6C556-F2ED-4DC2-B41B-19777E615EF4}.Release|x64.Build.0 = Release|x64
		{4916320C-B9BB-4C82-822E-73A95EC8D569}.Debug|x64.ActiveCfg = Debug|x64
		{4916320C-B9BB-4C82-822E-73A95EC8D569}.Debug|x64.Build.0 = Debug|x64
		{4916320C-B9BB-4C82-822E-73A95EC8D569}.Release|x64.ActiveCfg = Release|x64
		{4916320C-B9BB-4C82-822E-73A95EC8D569}.Release|x64.Build.0 = Release|x64
		{B33D6166-52A8-453E-837E-E23B233149E9}.Debug|x64.ActiveCfg = Debug|x64
		{B33D6166-52A8-453E-837E-E23B233149E9}.Debug|x64.Build.0 = Debug|x64
		{B33D6166-52A8-453E-837E-E23B233149E9}.Release|x64.ActiveCfg = Release|x64
		{B33D6166-52A8-453E-837E-E23B233149E9}.Release|x64.Build.0 = Release|x64
		{0837641D-6F03-4F33-9EB5-C03D2CA8EDB0}.Debug|x64.ActiveCfg = Debug|x64
		{0837641D-6F03-4F33-9EB5-C03D2CA8EDB0}.Debug|x64.Build.0 = Debug|x64
		{0837641D-6F03-4F33-9EB5-C03D2CA8EDB0}.Release|x64.ActiveCfg = Release|x64
		{0837641D-6F03-4F33-9EB5-C03D2CA8EDB0}.Release|x64.Build.0 = Release|x64
		{192CBDCE-78BC-4C95-9C9E-9BEE530D677C}.Debug|x64.ActiveCfg = Debug|x64
		{192CBDCE-78BC-4C95-9C9E-9BEE530D677C}.Debug|x64.Build.0 = Debug|x64
		{192CBDCE-78BC-4C95-9C9E-9BEE530D677C}.Release|x64.ActiveCfg = Release|x64
		{192CBDCE-78BC-4C95-9C9E-9BEE530D677C}.Release|x64.Build.0 = Release|x64
		{E525331A-400F-4D7C-9F69-451E14844A3B}.Debug|x64.ActiveCfg = Debug|x64
		{E525331A-400F-4D7C-9F69-451E14844A3B}.Debug|x64.Build.0 = Debug|x64
		{E525331A-400F-4D7C-9F69-451E14844A3B}.Release|x64.ActiveCfg = Release|x64
		{E525331A-400F-4D7C-9F69-451E14844A3B}.Release|x64.Build.0 = Release|x64
		{7179E255-3DE3-45FD-939B-CBD0A7F41761}.Debug|x64.ActiveCfg = Debug|x64
		{7179E255-3DE3-45FD-939B-CBD0A7F41761}.Debug|x64.Build.0 = Debug|x64
		{7179E255-3DE3-45FD-939B-CBD0A7F41761}.Release|x64.ActiveCfg = Release|x64
		{7179E255-3DE3-45FD-939B-CBD0A7F41761}.Release|x64.Build.0 = Release|x64
		{A777B4A3-A0B4-4F0E-86C4-7077630E0B54}.Debug|x64.ActiveCfg = Debug|x64
		{A777B4A3-A0B4-4F0E-86C4-7077630E0B54}.Debug|x64.Build.0 = Debug|x64
		{A777B4A3-A0B4-4F0E-86C4-7077630E0B54}.Release|x64.ActiveCfg = Release|x64
		{A777B4A3-A0B4-4F0E-86C4-7077630E0B54}.Release|x64.Build.0 = Release|x64
		{DDE177B0-A6AE-4D1F-B707-8FB50D1B5644}.Debug|x64.ActiveCfg = Debug|x64
		{DDE177B0-A6AE-4D1F-B707-8FB50D1B5644}.Debug|x64.Build.0 = Debug|x64
		{DDE177B0-A6AE-4D1F-B707-8FB50D1B5644}.Release|x64.ActiveCfg = Release|x64
		{DDE177B0-A6AE-4D1F-B707-8FB50D1B5644}.Release|x64.Build.0 = Release|x64
		{07DBFF40-0CF4-4A19-8933-BFF4E8B358BC}.Debug|x64.ActiveCfg = Debug|x64
		{07DBFF40-0CF4-4A19-8933-BFF4E8B358BC}.Debug|x64.Build.0 = Debug|x64
		{07DBFF40-0CF4-4A19-8933-BFF4E8B358BC}.Release|x64.ActiveCfg = Release|x64
		{07DBFF40-0CF4-4A19-8933-BFF4E8B358BC}.Release|x64.Build.0 = Release|x64
		{ADEF6FC1-00EE-4F3A-84DD-43EE2F108BB0}.Debug|x64.ActiveCfg = Debug|x64
		{ADEF6FC1-00EE-4F3A-84DD-43EE2F108BB0}.Debug|x64.Build.0 = Debug|x64
		{ADEF6FC1-00EE-4F3A-84DD-43EE2F108BB0}.Release|x64.ActiveCfg = Release|x64
		{ADEF6FC1-00EE-4F3A-84DD-43EE2F108BB0}.Release|x64.Build.0 = Release|x64
		{95F42A46-C902-46A3-9D04-24B20F9854C6}.Debug|x64.ActiveCfg = Debug|x64
		{95F42A46-C902-46A3-9D04-24B20F9854C6}.Debug|x64.Build.0 = Debug|x64
		{95F42A46-C902-46A3-9D04-24B20F9854C6}.Release|x64.ActiveCfg = Release|x64
		{95F42A46-C902-46A3-9D04-24B20F9854C6}.Release|x64.Build.0 = Release|x64
		{F067B9E5-0940-4A24-B1DD-29654408F28B}.Debug|x64.ActiveCfg = Debug|x64
		{F067B9E5-0940-4A24-B1DD-29654408F28B}.Debug|x64.Build.0 = Debug|x64
		{F067B9E5-0940-4A24-B1DD-29654408F28B}.Release|x64.ActiveCfg = Release|x64
		{F067B9E5-0940-4A24-B1DD-29654408F28B}.Release|x64.Build.0 = Release|x64
		{E462AFA3-0A1E-4309-A5FC-9987D5BE07FA}.Debug|x64.ActiveCfg = Debug|x64
		{E462AFA3-0A1E-4309-A5FC-9987D5BE07FA}.Debug|x64.Build.0 = Debug|x64
		{E462AFA3-0A1E-4309-A5FC-9987D5BE07FA}.Release|x64.ActiveCfg = Release|x64
		{E462AFA3-0A1E-4309-A5FC-9987D5BE07FA}.Release|x64.Build.0 = Release|x64
		{FBE04237-9C7B-4973-9C60-505975998B39}.Debug|x64.ActiveCfg = Debug|x64
		{FBE04237-9C7B-4973-9C60-505975998B39}.Debug|x64.Build.0 = Debug|x64
		{FBE04237-9C7B-4973-9C60-505975998B39}.Release|x64.ActiveCfg = Release|x64
		{FBE04237-9C7B-4973-9C60-505975998B39}.Release|x64.Build.0 = Release|x64
		{45DADBF6-072A-4A5F-94B3-39FB607807F2}.Debug|x64.ActiveCfg = Debug|x64
		{45DADBF6-072A-4A5F-94B3-39FB607807F2}.Debug|x64.Build.0 = Debug|x64
		{45DADBF6-072A-4A5F-94B3-39FB607807F2}.Release|x64.ActiveCfg = Release|x64
		{45DADBF6-072A-4A5F-94B3-39FB607807F2}.Release|x64.Build.0 = Release|x64
		{78A5F1E5-5216-4097-A207-2D4161C073CC}.Debug|x64.ActiveCfg = Debug|x64
		{78A5F1E5-5216-4097-A207-2D4161C073CC}.Debug|x64.Build.0 = Debug|x64
		{78A5F1E5-5216-4097-A207-2D4161C073CC}.Release|x64.ActiveCfg = Release|x64
		{78A5F1E5-5216-4097-A207-2D4161C073CC}.Release|x64.Build.0 = Release|x64
		{DA3B5649-1C4A-4935-BC9B-4908879ADEC9}.Debug|x64.ActiveCfg = Debug|x64
		{DA3B5649-1C4A-4935-BC9B-4908879ADEC9}.Debug|x64.Build.0 = Debug|x64
		{DA3B5649-1C4A-4935-BC9B-4908879ADEC9}.Release|x64.ActiveCfg = Release|x64
		{DA3B5649-1C4A-4935-BC9B-4908879ADEC9}.Release|x64.Build.0 = Release|x64
		{AF611DFB-978A-46B4-A264-9702F41EF4F0}.Debug|x64.ActiveCfg = Debug|x64
		{AF611DFB-978A-46B4-A264-9702F41EF4F0}.Debug|x64.Build.0 = Debug|x64
		{AF611DFB-978A-46B4-A264-9702F41EF4F0}.Release|x64.ActiveCfg = Release|x64
		{AF611DFB-978A-46B4-A264-9702F41EF4F0}.Release|x64.Build.0 = Release|x64
		{48F0CBB2-B1BB-42A0-BEBB-899CE2479F64}.Debug|x64.ActiveCfg = Debug|x64
		{48F0CBB2-B1BB-42A0-BEBB-899CE2479F64}.Debug|x64.Build.0 = Debug|x64
		{48F0CBB2-B1BB-42A0-BEBB-899CE2479F64}.Release|x64.ActiveCfg = Release|x64
		{48F0CBB2-B1BB-42A0-BEBB-899CE2479F64}.Release|x64.Build.0 = Release|x64
		{15F84C2E-C943-4448-856D-641AC229E3C2}.Debug|x64.ActiveCfg = Debug|x64
		{15F84C2E-C943-4448-856D-641AC229E3C2}.Debug|x64.Build.0 = Debug|x64
		{15F84C2E-C943-4448-856D-641AC229E3C2}.Release|x64.ActiveCfg = Release|x64
		{15F84C2E-C943-4448-856D-641AC229E3C2}.Release|x64.Build.0 = Release|x64
		{7AEF3DCC-6117-4029-9BDE-5ED800332E29}.Debug|x64.ActiveCfg = Debug|x64
		{7AEF3DCC-6117-4029-9BDE-5ED800332E29}.Debug|x64.Build.0 = Debug|x64
		{7AEF3DCC-6117-4029-9BDE-5ED800332E29}.Release|x64.ActiveCfg = Release|x64
		{7AEF3DCC-6117-4029-9BDE-5ED800332E29}.Release|x64.Build.0 = Release|x64
		{8187AAD7-A872-4A95-B650-E197F40BC1C1}.Debug|x64.ActiveCfg = Debug|x64
		{8187AAD7-A872-4A95-B650-E197F40BC1C1}.Debug|x64.Build.0 = Debug|x64
		{8187AAD7-A872-4A95-B650-E197F40BC1C1}.Release|x64.ActiveCfg = Release|x64
		{8187AAD7-A872-4A95-B650-E197F40BC1C1}.Release|x64.Build.0 = Release|x64
		{27008D1D-BBBC-4506-8679-BE5DB42026BC}.Debug|x64.ActiveCfg = Debug|x64
		{27008D1D-BBBC-4506-8679-BE5DB42026BC}.Debug|x64.Build.0 = Debug|x64
		{27008D1D-BBBC-4506-8679-BE5DB42026BC}.Release|x64.ActiveCfg = Release|x64
		{27008D1D-BBBC-4506-8679-BE5DB42026BC}.Release|x64.Build.0 = Release|x64
		{4C225EE5-CEA1-4516-BFA4-4BB49940AF51}.Debug|x64.ActiveCfg = Debug|x64
		{4C225EE5-CEA1-4516-BFA4-4BB49940AF51}.Debug|x64.Build.0 = Debug|x64
		{4C225EE5-CEA1-4516-BFA4-4BB49940AF51}.Release|x64.ActiveCfg = Release|x64
		{4C225EE5-CEA1-4516-BFA4-4BB49940AF51}.Release|x64.Build.0 = Release|x64
		{BB03B600-1CCF-4875-9300-26AD969E8D80}.Debug|x64.ActiveCfg = Debug|x64
		{BB03B600-1CCF-4875-9300-26AD969E8D80}.Debug|x64.Build.0 = Debug|x64
		{BB03B600-1CCF-4875-9300-26AD969E8D80}.Release|x64.ActiveCfg = Release|x64
		{BB03B600-1CCF-4875-9300-26AD969E8D80}.Release|x64.Build.0 = Release|x64
		{EA52B4FA-021B-4F0C-8209-EF54AA538476}.Debug|x64.ActiveCfg = Debug|x64
		{EA52B4FA-021B-4F0C-8209-EF54AA538476}.Debug|x64.Build.0 = Debug|x64
		{EA52B4FA-021B-4F0C-8209-EF54AA538476}.Release|x64.ActiveCfg = Release|x64
		{EA52B4FA-021B-4F0C-8209-EF54AA538476}.Release|x64.Build.0 = Release|x64
		{095937E2-85AC-4565-9990-72E8B3A09C90}.Debug|x64.ActiveCfg = Debug|x64
		{095937E2-85AC-4565-9990-72E8B3A09C90}.Debug|x64.Build.0 = Debug|x64
		{095937E2-85AC-4565-9990-72E8B3A09C90}.Release|x64.ActiveCfg = Release|x64
		{095937E2-85AC-4565-9990-72E8B3A09C90}.Release|x64.Build.0 = Release|x64
		{9E5E9D64-F6DA-11EC-B939-0242AC120002}.Debug|x64.ActiveCfg = Debug|x64
		{9E5E9D64-F6DA-11EC-B939-0242AC120002}.Debug|x64.Build.0 = Debug|x64
		{9E5E9D64-F6DA-11EC-B939-0242AC120002}.Release|x64.ActiveCfg = Release|x64
		{9E5E9D64-F6DA-11EC-B939-0242AC120002}.Release|x64.Build.0 = Release|x64
		{D4CA666C-F10E-4BC1-BC08-BA291052C1D9}.Debug|x64.ActiveCfg = Debug|x64
		{D4CA666C-F10E-4BC1-BC08-BA291052C1D9}.Debug|x64.Build.0 = Debug|x64
		{D4CA666C-F10E-4BC1-BC08-BA291052C1D9}.Release|x64.ActiveCfg = Release|x64
		{D4CA666C-F10E-4BC1-BC08-BA291052C1D9}.Release|x64.Build.0 = Release|x64
		{9CFF378D-0D09-4800-866D-5FAB8DF44FBF}.Debug|x64.ActiveCfg = Debug|x64
		{9CFF378D-0D09-4800-866D-5FAB8DF44FBF}.Debug|x64.Build.0 = Debug|x64
		{9CFF378D-0D09-4800-866D-5FAB8DF44FBF}.Release|x64.ActiveCfg = Release|x64
		{9CFF378D-0D09-4800-866D-5FAB8DF44FBF}.Release|x64.Build.0 = Release|x64
		{0476F3BC-79CC-4653-BA60-31BB8DEAD056}.Debug|x64.ActiveCfg = Debug|x64
		{0476F3BC-79CC-4653-BA60-31BB8DEAD056}.Debug|x64.Build.0 = Debug|x64
		{0476F3BC-79CC-4653-BA60-31BB8DEAD056}.Release|x64.ActiveCfg = Release|x64
		{0476F3BC-79CC-4653-BA60-31BB8DEAD056}.Release|x64.Build.0 = Release|x64
		{F5702EFD-6D1C-4591-BC10-184BABF8C4E1}.Debug|x64.ActiveCfg = Debug|x64
		{F5702EFD-6D1C-4591-BC10-184BABF8C4E1}.Debug|x64.Build.0 = Debug|x64
		{F5702EFD-6D1C-4591-BC10-184BABF8C4E1}.Release|x64.ActiveCfg = Release|x64
		{F5702EFD-6D1C-4591-BC10-184BABF8C4E1}.Release|x64.Build.0 = Release|x64
		{23B7DB2D-E00E-48BC-81A1-130FD46E6077}.Debug|x64.ActiveCfg = Debug|x64
		{23B7DB2D-E00E-48BC-81A1-130FD46E6077}.Debug|x64.Build.0 = Debug|x64
		{23B7DB2D-E00E-48BC-81A1-130FD46E6077}.Release|x64.ActiveCfg = Release|x64
		{23B7DB2D-E00E-48BC-81A1-130FD46E6077}.Release|x64.Build.0 = Release|x64
		{01396FA2-BCA6-4F57-9346-EC468DB7E0A6}.Debug|x64.ActiveCfg = Debug|x64
		{01396FA2-BCA6-4F57-9346-EC468DB7E0A6}.Debug|x64.Build.0 = Debug|x64
		{01396FA2-BCA6-4F57-9346-EC468DB7E0A6}.Release|x64.ActiveCfg = Release|x64
		{01396FA2-BCA6-4F57-9346-EC468DB7E0A6}.Release|x64.Build.0 = Release|x64
		{619BCC6B-FB82-4273-8507-25AEC1D42339}.Debug|x64.ActiveCfg = Debug|x64
		{619BCC6B-FB82-4273-8507-25AEC1D42339}.Debug|x64.Build.0 = Debug|x64
		{619BCC6B-FB82-4273-8507-25AEC1D42339}.Release|x64.ActiveCfg = Release|x64
		{619BCC6B-FB82-4273-8507-25AEC1D42339}.Release|x64.Build.0 = Release|x64
	EndGlobalSection
	GlobalSection(SolutionProperties) = preSolution
		HideSolutionNode = FALSE
	EndGlobalSection
	GlobalSection(ExtensibilityGlobals) = postSolution
		SolutionGuid = {9184DAA8-07AF-4346-B069-EB6241FCCEAF}
	EndGlobalSection
EndGlobal
