
Microsoft Visual Studio Solution File, Format Version 12.00
# Visual Studio Version 18
VisualStudioVersion = 18.0.11217.181
MinimumVisualStudioVersion = 10.0.40219.1
Project("{2150E333-8FDC-42A3-9474-1A3956D46DE8}") = "Solution Items", "Solution Items", "{5CF05088-C7EC-4D59-9D52-342F096BD187}"
	ProjectSection(SolutionItems) = preProject
		.editorconfig = .editorconfig
	EndProjectSection
EndProject
Project("{8BC9CEB8-8B4A-11D0-8D11-00A0C91BC942}") = "zToolsO", "..\cspro\zToolsO\zToolsO.vcxproj", "{FB0E28EC-927D-41D0-996C-01C21A7A346B}"
EndProject
Project("{8BC9CEB8-8B4A-11D0-8D11-00A0C91BC942}") = "zSql", "..\cspro\zSql\zSql.vcxproj", "{D20EDED4-35E5-465C-A43E-746F632D4EAF}"
EndProject
Project("{8BC9CEB8-8B4A-11D0-8D11-00A0C91BC942}") = "zJson", "..\cspro\zJson\zJson.vcxproj", "{44A4FE38-CA5A-487C-A227-4BE1EBD4874D}"
EndProject
Project("{8BC9CEB8-8B4A-11D0-8D11-00A0C91BC942}") = "zUtilO", "..\cspro\zUtilO\zUtilO.vcxproj", "{9B29CB57-8263-4E12-8908-CC9641FDF0DC}"
EndProject
Project("{8BC9CEB8-8B4A-11D0-8D11-00A0C91BC942}") = "Generate Combined License", "Licenses\Generate Combined License\Generate Combined License.vcxproj", "{136E9F86-E8BC-4B65-9977-269D351BC8F6}"
EndProject
Project("{8BC9CEB8-8B4A-11D0-8D11-00A0C91BC942}") = "Resource ID Numberer", "Resource ID Numberer\Resource ID Numberer\Resource ID Numberer.vcxproj", "{7BE1BA82-8D4D-486B-9FB7-7647B2D2E09F}"
EndProject
Project("{8BC9CEB8-8B4A-11D0-8D11-00A0C91BC942}") = "Project File Manager", "Project File Manager\Project File Manager.vcxproj", "{1E323209-A098-4688-8A2D-8C60DB1963C1}"
EndProject
Project("{8BC9CEB8-8B4A-11D0-8D11-00A0C91BC942}") = "zMessageO", "..\cspro\zMessageO\zMessageO.vcxproj", "{4B7117AC-94A3-429E-BC5E-A59FBB34051E}"
EndProject
Project("{8BC9CEB8-8B4A-11D0-8D11-00A0C91BC942}") = "Messages Processor", "Messages Processor\Messages Processor.vcxproj", "{950EBAF2-8A41-4D60-9A26-CB6BA506A56A}"
EndProject
Project("{8BC9CEB8-8B4A-11D0-8D11-00A0C91BC942}") = "zAppO", "..\cspro\zAppO\zAppO.vcxproj", "{A417C381-2AFD-4889-AE6B-A15E8436DA45}"
EndProject
Project("{8BC9CEB8-8B4A-11D0-8D11-00A0C91BC942}") = "zLogicO", "..\cspro\zLogicO\zLogicO.vcxproj", "{BC0D77B3-18EF-4554-A94F-650AF6F7C87C}"
EndProject
Project("{8BC9CEB8-8B4A-11D0-8D11-00A0C91BC942}") = "Action Invoker Definition Updater", "Action Invoker Definition Updater\Action Invoker Definition Updater.vcxproj", "{FEC7FFEC-B20F-4ADC-9D6B-CEAA82F844AB}"
EndProject
Project("{8BC9CEB8-8B4A-11D0-8D11-00A0C91BC942}") = "zZip", "..\cspro\zZip\zZip.vcxproj", "{BDE6D79F-D295-48BA-8E8C-E2AB1EDA0646}"
EndProject
Project("{8BC9CEB8-8B4A-11D0-8D11-00A0C91BC942}") = "zHtml", "..\cspro\zHtml\zHtml.vcxproj", "{5F74A167-59D5-48A7-A54C-1964BD5543C2}"
EndProject
Project("{8BC9CEB8-8B4A-11D0-8D11-00A0C91BC942}") = "zUtilF", "..\cspro\zUtilF\zUtilF.vcxproj", "{40427473-971C-41EE-ADEB-23795522E112}"
EndProject
Project("{8BC9CEB8-8B4A-11D0-8D11-00A0C91BC942}") = "CSProUsersWebsiteBuilder", "CSPro Users Website Builder\CSProUsersWebsiteBuilder.vcxproj", "{E8E3C360-2D0C-403A-AD8B-26B0905EF76D}"
EndProject
Project("{8BC9CEB8-8B4A-11D0-8D11-00A0C91BC942}") = "zNetwork", "..\cspro\zNetwork\zNetwork.vcxproj", "{07D7DA9D-03ED-437C-8A1F-CB2E76A3EF6A}"
EndProject
Project("{8BC9CEB8-8B4A-11D0-8D11-00A0C91BC942}") = "OpenSourceReleaseCreator", "Open Source Release Creator\OpenSourceReleaseCreator.vcxproj", "{6DC25DFA-F0E9-4E2F-88C2-EDB6FE911C67}"
EndProject
Project("{FAE04EC0-301F-11D3-BF4B-00C04F79EFBC}") = "Update Version", "Update Version\Update Version.csproj", "{47FCCC02-4D56-4CB6-87E5-EA3D1954AB00}"
EndProject
Project("{FAE04EC0-301F-11D3-BF4B-00C04F79EFBC}") = "Update SQLite Encryption Extension (SEE)", "Update SQLite Encryption Extension (SEE)\Update SQLite Encryption Extension (SEE).csproj", "{641D2930-922C-4FC7-A4E0-50F9160AE70E}"
EndProject
Project("{FAE04EC0-301F-11D3-BF4B-00C04F79EFBC}") = "Toolbar Creator", "Toolbar Creator\Toolbar Creator.csproj", "{26E6C556-F2ED-4DC2-B41B-19777E615EF4}"
EndProject
Global
	GlobalSection(SolutionConfigurationPlatforms) = preSolution
		Debug|x64 = Debug|x64
	EndGlobalSection
	GlobalSection(ProjectConfigurationPlatforms) = postSolution
		{FB0E28EC-927D-41D0-996C-01C21A7A346B}.Debug|x64.ActiveCfg = Debug|x64
		{FB0E28EC-927D-41D0-996C-01C21A7A346B}.Debug|x64.Build.0 = Debug|x64
		{D20EDED4-35E5-465C-A43E-746F632D4EAF}.Debug|x64.ActiveCfg = Debug|x64
		{D20EDED4-35E5-465C-A43E-746F632D4EAF}.Debug|x64.Build.0 = Debug|x64
		{44A4FE38-CA5A-487C-A227-4BE1EBD4874D}.Debug|x64.ActiveCfg = Debug|x64
		{44A4FE38-CA5A-487C-A227-4BE1EBD4874D}.Debug|x64.Build.0 = Debug|x64
		{9B29CB57-8263-4E12-8908-CC9641FDF0DC}.Debug|x64.ActiveCfg = Debug|x64
		{9B29CB57-8263-4E12-8908-CC9641FDF0DC}.Debug|x64.Build.0 = Debug|x64
		{136E9F86-E8BC-4B65-9977-269D351BC8F6}.Debug|x64.ActiveCfg = Debug|x64
		{136E9F86-E8BC-4B65-9977-269D351BC8F6}.Debug|x64.Build.0 = Debug|x64
		{7BE1BA82-8D4D-486B-9FB7-7647B2D2E09F}.Debug|x64.ActiveCfg = Debug|x64
		{7BE1BA82-8D4D-486B-9FB7-7647B2D2E09F}.Debug|x64.Build.0 = Debug|x64
		{1E323209-A098-4688-8A2D-8C60DB1963C1}.Debug|x64.ActiveCfg = Debug|x64
		{1E323209-A098-4688-8A2D-8C60DB1963C1}.Debug|x64.Build.0 = Debug|x64
		{4B7117AC-94A3-429E-BC5E-A59FBB34051E}.Debug|x64.ActiveCfg = Debug|x64
		{4B7117AC-94A3-429E-BC5E-A59FBB34051E}.Debug|x64.Build.0 = Debug|x64
		{950EBAF2-8A41-4D60-9A26-CB6BA506A56A}.Debug|x64.ActiveCfg = Debug|x64
		{950EBAF2-8A41-4D60-9A26-CB6BA506A56A}.Debug|x64.Build.0 = Debug|x64
		{A417C381-2AFD-4889-AE6B-A15E8436DA45}.Debug|x64.ActiveCfg = Debug|x64
		{A417C381-2AFD-4889-AE6B-A15E8436DA45}.Debug|x64.Build.0 = Debug|x64
		{BC0D77B3-18EF-4554-A94F-650AF6F7C87C}.Debug|x64.ActiveCfg = Debug|x64
		{BC0D77B3-18EF-4554-A94F-650AF6F7C87C}.Debug|x64.Build.0 = Debug|x64
		{FEC7FFEC-B20F-4ADC-9D6B-CEAA82F844AB}.Debug|x64.ActiveCfg = Debug|x64
		{FEC7FFEC-B20F-4ADC-9D6B-CEAA82F844AB}.Debug|x64.Build.0 = Debug|x64
		{BDE6D79F-D295-48BA-8E8C-E2AB1EDA0646}.Debug|x64.ActiveCfg = Debug|x64
		{BDE6D79F-D295-48BA-8E8C-E2AB1EDA0646}.Debug|x64.Build.0 = Debug|x64
		{5F74A167-59D5-48A7-A54C-1964BD5543C2}.Debug|x64.ActiveCfg = Debug|x64
		{5F74A167-59D5-48A7-A54C-1964BD5543C2}.Debug|x64.Build.0 = Debug|x64
		{40427473-971C-41EE-ADEB-23795522E112}.Debug|x64.ActiveCfg = Debug|x64
		{40427473-971C-41EE-ADEB-23795522E112}.Debug|x64.Build.0 = Debug|x64
		{E8E3C360-2D0C-403A-AD8B-26B0905EF76D}.Debug|x64.ActiveCfg = Debug|x64
		{E8E3C360-2D0C-403A-AD8B-26B0905EF76D}.Debug|x64.Build.0 = Debug|x64
		{07D7DA9D-03ED-437C-8A1F-CB2E76A3EF6A}.Debug|x64.ActiveCfg = Debug|x64
		{07D7DA9D-03ED-437C-8A1F-CB2E76A3EF6A}.Debug|x64.Build.0 = Debug|x64
		{6DC25DFA-F0E9-4E2F-88C2-EDB6FE911C67}.Debug|x64.ActiveCfg = Debug|x64
		{6DC25DFA-F0E9-4E2F-88C2-EDB6FE911C67}.Debug|x64.Build.0 = Debug|x64
		{47FCCC02-4D56-4CB6-87E5-EA3D1954AB00}.Debug|x64.ActiveCfg = Debug|x64
		{47FCCC02-4D56-4CB6-87E5-EA3D1954AB00}.Debug|x64.Build.0 = Debug|x64
		{641D2930-922C-4FC7-A4E0-50F9160AE70E}.Debug|x64.ActiveCfg = Debug|x64
		{641D2930-922C-4FC7-A4E0-50F9160AE70E}.Debug|x64.Build.0 = Debug|x64
		{26E6C556-F2ED-4DC2-B41B-19777E615EF4}.Debug|x64.ActiveCfg = Debug|x64
		{26E6C556-F2ED-4DC2-B41B-19777E615EF4}.Debug|x64.Build.0 = Debug|x64
	EndGlobalSection
	GlobalSection(SolutionProperties) = preSolution
		HideSolutionNode = FALSE
	EndGlobalSection
	GlobalSection(ExtensibilityGlobals) = postSolution
		SolutionGuid = {9184DAA8-07AF-4346-B069-EB6241FCCEAF}
	EndGlobalSection
EndGlobal
