<?xml version="1.0" encoding="utf-8"?>
<Project ToolsVersion="4.0" xmlns="http://schemas.microsoft.com/developer/msbuild/2003">
  <ItemGroup>
    <Filter Include="Source Files">
      <UniqueIdentifier>{2f20c1fe-7054-4936-81cd-ecfa98e35608}</UniqueIdentifier>
      <Extensions>cpp;c;cxx;rc;def;r;odl;idl;hpj;bat</Extensions>
    </Filter>
    <Filter Include="Header Files">
      <UniqueIdentifier>{ad2f207a-e336-4c65-847d-41d4ddf8d369}</UniqueIdentifier>
      <Extensions>h;hpp;hxx;hm;inl</Extensions>
    </Filter>
  </ItemGroup>
  <ItemGroup>
    <ClCompile Include="StdAfx.cpp">
      <Filter>Source Files</Filter>
    </ClCompile>
    <ClCompile Include="Ugcbtype.cpp">
      <Filter>Source Files</Filter>
    </ClCompile>
    <ClCompile Include="Ugcell.cpp">
      <Filter>Source Files</Filter>
    </ClCompile>
    <ClCompile Include="Ugceltyp.cpp">
      <Filter>Source Files</Filter>
    </ClCompile>
    <ClCompile Include="Ugcnrbtn.cpp">
      <Filter>Source Files</Filter>
    </ClCompile>
    <ClCompile Include="Ugctarrw.cpp">
      <Filter>Source Files</Filter>
    </ClCompile>
    <ClCompile Include="UGCTbutn.cpp">
      <Filter>Source Files</Filter>
    </ClCompile>
    <ClCompile Include="Ugctelps.cpp">
      <Filter>Source Files</Filter>
    </ClCompile>
    <ClCompile Include="Ugctrl.cpp">
      <Filter>Source Files</Filter>
    </ClCompile>
    <ClCompile Include="UGCTsarw.cpp">
      <Filter>Source Files</Filter>
    </ClCompile>
    <ClCompile Include="Ugdltype.cpp">
      <Filter>Source Files</Filter>
    </ClCompile>
    <ClCompile Include="Ugdrgdrp.cpp">
      <Filter>Source Files</Filter>
    </ClCompile>
    <ClCompile Include="Ugdrwhnt.cpp">
      <Filter>Source Files</Filter>
    </ClCompile>
    <ClCompile Include="Ugdtasrc.cpp">
      <Filter>Source Files</Filter>
    </ClCompile>
    <ClCompile Include="Ugedit.cpp">
      <Filter>Source Files</Filter>
    </ClCompile>
    <ClCompile Include="Ugexcel.cpp">
      <Filter>Source Files</Filter>
    </ClCompile>
    <ClCompile Include="Ugformat.cpp">
      <Filter>Source Files</Filter>
    </ClCompile>
    <ClCompile Include="Uggdinfo.cpp">
      <Filter>Source Files</Filter>
    </ClCompile>
    <ClCompile Include="Uggrid.cpp">
      <Filter>Source Files</Filter>
    </ClCompile>
    <ClCompile Include="Ughint.cpp">
      <Filter>Source Files</Filter>
    </ClCompile>
    <ClCompile Include="Ughscrol.cpp">
      <Filter>Source Files</Filter>
    </ClCompile>
    <ClCompile Include="Uglstbox.cpp">
      <Filter>Source Files</Filter>
    </ClCompile>
    <ClCompile Include="Ugmedit.cpp">
      <Filter>Source Files</Filter>
    </ClCompile>
    <ClCompile Include="Ugmemman.cpp">
      <Filter>Source Files</Filter>
    </ClCompile>
    <ClCompile Include="Ugmultis.cpp">
      <Filter>Source Files</Filter>
    </ClCompile>
    <ClCompile Include="Ugprint.cpp">
      <Filter>Source Files</Filter>
    </ClCompile>
    <ClCompile Include="Ugptrlst.cpp">
      <Filter>Source Files</Filter>
    </ClCompile>
    <ClCompile Include="Ugsidehd.cpp">
      <Filter>Source Files</Filter>
    </ClCompile>
    <ClCompile Include="Ugtab.cpp">
      <Filter>Source Files</Filter>
    </ClCompile>
    <ClCompile Include="Ugtophdg.cpp">
      <Filter>Source Files</Filter>
    </ClCompile>
    <ClCompile Include="Ugvscrol.cpp">
      <Filter>Source Files</Filter>
    </ClCompile>
    <ClCompile Include="zGridO.cpp">
      <Filter>Source Files</Filter>
    </ClCompile>
  </ItemGroup>
  <ItemGroup>
    <ClInclude Include="StdAfx.h">
      <Filter>Header Files</Filter>
    </ClInclude>
    <ClInclude Include="Ugcbtype.h">
      <Filter>Header Files</Filter>
    </ClInclude>
    <ClInclude Include="Ugcell.h">
      <Filter>Header Files</Filter>
    </ClInclude>
    <ClInclude Include="Ugceltyp.h">
      <Filter>Header Files</Filter>
    </ClInclude>
    <ClInclude Include="Ugcnrbtn.h">
      <Filter>Header Files</Filter>
    </ClInclude>
    <ClInclude Include="Ugctarrw.h">
      <Filter>Header Files</Filter>
    </ClInclude>
    <ClInclude Include="UGCTbutn.h">
      <Filter>Header Files</Filter>
    </ClInclude>
    <ClInclude Include="Ugctelps.h">
      <Filter>Header Files</Filter>
    </ClInclude>
    <ClInclude Include="Ugctrl.h">
      <Filter>Header Files</Filter>
    </ClInclude>
    <ClInclude Include="UGCTsarw.h">
      <Filter>Header Files</Filter>
    </ClInclude>
    <ClInclude Include="Ugdefine.h">
      <Filter>Header Files</Filter>
    </ClInclude>
    <ClInclude Include="Ugdltype.h">
      <Filter>Header Files</Filter>
    </ClInclude>
    <ClInclude Include="Ugdrgdrp.h">
      <Filter>Header Files</Filter>
    </ClInclude>
    <ClInclude Include="Ugdrwhnt.h">
      <Filter>Header Files</Filter>
    </ClInclude>
    <ClInclude Include="Ugdtasrc.h">
      <Filter>Header Files</Filter>
    </ClInclude>
    <ClInclude Include="Ugedit.h">
      <Filter>Header Files</Filter>
    </ClInclude>
    <ClInclude Include="Ugexcel.h">
      <Filter>Header Files</Filter>
    </ClInclude>
    <ClInclude Include="Ugformat.h">
      <Filter>Header Files</Filter>
    </ClInclude>
    <ClInclude Include="Uggdinfo.h">
      <Filter>Header Files</Filter>
    </ClInclude>
    <ClInclude Include="Uggrid.h">
      <Filter>Header Files</Filter>
    </ClInclude>
    <ClInclude Include="Ughint.h">
      <Filter>Header Files</Filter>
    </ClInclude>
    <ClInclude Include="Ughscrol.h">
      <Filter>Header Files</Filter>
    </ClInclude>
    <ClInclude Include="Uglstbox.h">
      <Filter>Header Files</Filter>
    </ClInclude>
    <ClInclude Include="Ugmedit.h">
      <Filter>Header Files</Filter>
    </ClInclude>
    <ClInclude Include="Ugmemman.h">
      <Filter>Header Files</Filter>
    </ClInclude>
    <ClInclude Include="Ugmultis.h">
      <Filter>Header Files</Filter>
    </ClInclude>
    <ClInclude Include="Ugprint.h">
      <Filter>Header Files</Filter>
    </ClInclude>
    <ClInclude Include="Ugptrlst.h">
      <Filter>Header Files</Filter>
    </ClInclude>
    <ClInclude Include="Ugsidehd.h">
      <Filter>Header Files</Filter>
    </ClInclude>
    <ClInclude Include="Ugtab.h">
      <Filter>Header Files</Filter>
    </ClInclude>
    <ClInclude Include="Ugtophdg.h">
      <Filter>Header Files</Filter>
    </ClInclude>
    <ClInclude Include="Ugvscrol.h">
      <Filter>Header Files</Filter>
    </ClInclude>
    <ClInclude Include="zGridO.h">
      <Filter>Header Files</Filter>
    </ClInclude>
  </ItemGroup>
</Project>