<?xml version="1.0" encoding="utf-8"?>
<Project ToolsVersion="4.0" xmlns="http://schemas.microsoft.com/developer/msbuild/2003">
  <ItemGroup>
    <Filter Include="Source Files">
      <UniqueIdentifier>{4FC737F1-C7A5-4376-A066-2A32D752A2FF}</UniqueIdentifier>
      <Extensions>cpp;c;cc;cxx;c++;cppm;ixx;def;odl;idl;hpj;bat;asm;asmx</Extensions>
    </Filter>
    <Filter Include="Header Files">
      <UniqueIdentifier>{93995380-89BD-4b04-88EB-625FBE52EBFB}</UniqueIdentifier>
      <Extensions>h;hh;hpp;hxx;h++;hm;inl;inc;ipp;xsd</Extensions>
    </Filter>
    <Filter Include="Source Files\CEXEntry">
      <UniqueIdentifier>{f14cf500-1181-4183-9fad-6d19e0a1454b}</UniqueIdentifier>
    </Filter>
    <Filter Include="Source Files\dep">
      <UniqueIdentifier>{4de4927d-44c7-49c7-9a37-d4178641350f}</UniqueIdentifier>
    </Filter>
    <Filter Include="Source Files\ex1">
      <UniqueIdentifier>{e423fa56-5eea-4fc1-a33d-bb548f1e2a1e}</UniqueIdentifier>
    </Filter>
    <Filter Include="Source Files\ex2">
      <UniqueIdentifier>{fd084bbb-081e-4b06-9a64-62e112110e35}</UniqueIdentifier>
    </Filter>
  </ItemGroup>
  <ItemGroup>
    <ClInclude Include="3dException.h">
      <Filter>Header Files</Filter>
    </ClInclude>
    <ClInclude Include="Apl.h">
      <Filter>Header Files</Filter>
    </ClInclude>
    <ClInclude Include="Batdrv.h">
      <Filter>Header Files</Filter>
    </ClInclude>
    <ClInclude Include="BatIFaz.h">
      <Filter>Header Files</Filter>
    </ClInclude>
    <ClInclude Include="BinaryStorageFor80.h">
      <Filter>Header Files</Filter>
    </ClInclude>
    <ClInclude Include="BreakId.h">
      <Filter>Header Files</Filter>
    </ClInclude>
    <ClInclude Include="CalcIFaz.h">
      <Filter>Header Files</Filter>
    </ClInclude>
    <ClInclude Include="CBorder.h">
      <Filter>Header Files</Filter>
    </ClInclude>
    <ClInclude Include="ChainedSymbol.h">
      <Filter>Header Files</Filter>
    </ClInclude>
    <ClInclude Include="CIterator.h">
      <Filter>Header Files</Filter>
    </ClInclude>
    <ClInclude Include="CommonInfo.h">
      <Filter>Header Files</Filter>
    </ClInclude>
    <ClInclude Include="Comp.h">
      <Filter>Header Files</Filter>
    </ClInclude>
    <ClInclude Include="CompCTab.h">
      <Filter>Header Files</Filter>
    </ClInclude>
    <ClInclude Include="CompIlad.h">
      <Filter>Header Files</Filter>
    </ClInclude>
    <ClInclude Include="CompilerCreator.h">
      <Filter>Header Files</Filter>
    </ClInclude>
    <ClInclude Include="CompUtil.h">
      <Filter>Header Files</Filter>
    </ClInclude>
    <ClInclude Include="Ctab.h">
      <Filter>Header Files</Filter>
    </ClInclude>
    <ClInclude Include="Ctab_Helper.h">
      <Filter>Header Files</Filter>
    </ClInclude>
    <ClInclude Include="CtDef.h">
      <Filter>Header Files</Filter>
    </ClInclude>
    <ClInclude Include="CtTerm.h">
      <Filter>Header Files</Filter>
    </ClInclude>
    <ClInclude Include="CtUnit.h">
      <Filter>Header Files</Filter>
    </ClInclude>
    <ClInclude Include="Defines.h">
      <Filter>Header Files</Filter>
    </ClInclude>
    <ClInclude Include="DeFld.h">
      <Filter>Header Files</Filter>
    </ClInclude>
    <ClInclude Include="DeProg.h">
      <Filter>Header Files</Filter>
    </ClInclude>
    <ClInclude Include="DicT.h">
      <Filter>Header Files</Filter>
    </ClInclude>
    <ClInclude Include="DicX.h">
      <Filter>Header Files</Filter>
    </ClInclude>
    <ClInclude Include="Dimens.h">
      <Filter>Header Files</Filter>
    </ClInclude>
    <ClInclude Include="Engarea.h">
      <Filter>Header Files</Filter>
    </ClInclude>
    <ClInclude Include="Engdrv.h">
      <Filter>Header Files</Filter>
    </ClInclude>
    <ClInclude Include="Engine.h">
      <Filter>Header Files</Filter>
    </ClInclude>
    <ClInclude Include="EngineDictionaryModifier.h">
      <Filter>Header Files</Filter>
    </ClInclude>
    <ClInclude Include="EngineExecutor.h">
      <Filter>Header Files</Filter>
    </ClInclude>
    <ClInclude Include="EngineObjectTransporter.h">
      <Filter>Header Files</Filter>
    </ClInclude>
    <ClInclude Include="EngineQuestionnaireViewer.h">
      <Filter>Header Files</Filter>
    </ClInclude>
    <ClInclude Include="Entdrv.h">
      <Filter>Header Files</Filter>
    </ClInclude>
    <ClInclude Include="Entifaz.h">
      <Filter>Header Files</Filter>
    </ClInclude>
    <ClInclude Include="Exappl.h">
      <Filter>Header Files</Filter>
    </ClInclude>
    <ClInclude Include="ExEntry.h">
      <Filter>Header Files</Filter>
    </ClInclude>
    <ClInclude Include="Export.h">
      <Filter>Header Files</Filter>
    </ClInclude>
    <ClInclude Include="ExpresC_Include.h">
      <Filter>Header Files</Filter>
    </ClInclude>
    <ClInclude Include="FieldBehavior.h">
      <Filter>Header Files</Filter>
    </ClInclude>
    <ClInclude Include="Form2.h">
      <Filter>Header Files</Filter>
    </ClInclude>
    <ClInclude Include="FrequencyDriver.h">
      <Filter>Header Files</Filter>
    </ClInclude>
    <ClInclude Include="GpsThreadInfo.h">
      <Filter>Header Files</Filter>
    </ClInclude>
    <ClInclude Include="helper.h">
      <Filter>Header Files</Filter>
    </ClInclude>
    <ClInclude Include="ImputationDriver.h">
      <Filter>Header Files</Filter>
    </ClInclude>
    <ClInclude Include="IntDrive.h">
      <Filter>Header Files</Filter>
    </ClInclude>
    <ClInclude Include="Interpreter.h">
      <Filter>Header Files</Filter>
    </ClInclude>
    <ClInclude Include="InterpreterAccessor.h">
      <Filter>Header Files</Filter>
    </ClInclude>
    <ClInclude Include="InterpreterMessageIssuer.h">
      <Filter>Header Files</Filter>
    </ClInclude>
    <ClInclude Include="ItemData.h">
      <Filter>Header Files</Filter>
    </ClInclude>
    <ClInclude Include="LogicStackSaver.h">
      <Filter>Header Files</Filter>
    </ClInclude>
    <ClInclude Include="Messages.h">
      <Filter>Header Files</Filter>
    </ClInclude>
    <ClInclude Include="Nodes.h">
      <Filter>Header Files</Filter>
    </ClInclude>
    <ClInclude Include="ParadataDriver.h">
      <Filter>Header Files</Filter>
    </ClInclude>
    <ClInclude Include="ProgramControl.h">
      <Filter>Header Files</Filter>
    </ClInclude>
    <ClInclude Include="RangeFunctions.h">
      <Filter>Header Files</Filter>
    </ClInclude>
    <ClInclude Include="ReadyFlags.h">
      <Filter>Header Files</Filter>
    </ClInclude>
    <ClInclude Include="Relation.h">
      <Filter>Header Files</Filter>
    </ClInclude>
    <ClInclude Include="RelT.h">
      <Filter>Header Files</Filter>
    </ClInclude>
    <ClInclude Include="RunModes.h">
      <Filter>Header Files</Filter>
    </ClInclude>
    <ClInclude Include="ScopeChangeNodeIterator.h">
      <Filter>Header Files</Filter>
    </ClInclude>
    <ClInclude Include="SecX.h">
      <Filter>Header Files</Filter>
    </ClInclude>
    <ClInclude Include="SelcaseManager.h">
      <Filter>Header Files</Filter>
    </ClInclude>
    <ClInclude Include="Settings.h">
      <Filter>Header Files</Filter>
    </ClInclude>
    <ClInclude Include="StandardSystemIncludes.h">
      <Filter>Header Files</Filter>
    </ClInclude>
    <ClInclude Include="StrictCompilerErrors.h">
      <Filter>Header Files</Filter>
    </ClInclude>
    <ClInclude Include="SubTable.h">
      <Filter>Header Files</Filter>
    </ClInclude>
    <ClInclude Include="TableDef.h">
      <Filter>Header Files</Filter>
    </ClInclude>
    <ClInclude Include="Tables.h">
      <Filter>Header Files</Filter>
    </ClInclude>
    <ClInclude Include="Tbd_save.h">
      <Filter>Header Files</Filter>
    </ClInclude>
    <ClInclude Include="VariableIterator.h">
      <Filter>Header Files</Filter>
    </ClInclude>
    <ClInclude Include="VarT.h">
      <Filter>Header Files</Filter>
    </ClInclude>
    <ClInclude Include="VarX.h">
      <Filter>Header Files</Filter>
    </ClInclude>
    <ClInclude Include="VTStruct.h">
      <Filter>Header Files</Filter>
    </ClInclude>
  </ItemGroup>
  <ItemGroup>
    <ClCompile Include="Break.cpp">
      <Filter>Source Files\ex2</Filter>
    </ClCompile>
    <ClCompile Include="Cdeclare.cpp">
      <Filter>Source Files\ex1</Filter>
    </ClCompile>
    <ClCompile Include="CIterator.cpp">
      <Filter>Source Files\ex2</Filter>
    </ClCompile>
    <ClCompile Include="Common.cpp">
      <Filter>Source Files\CEXEntry</Filter>
    </ClCompile>
    <ClCompile Include="Comp.cpp">
      <Filter>Source Files\ex1</Filter>
    </ClCompile>
    <ClCompile Include="Compall.cpp">
      <Filter>Source Files\ex1</Filter>
    </ClCompile>
    <ClCompile Include="CompCTab.cpp">
      <Filter>Source Files\ex1</Filter>
    </ClCompile>
    <ClCompile Include="CompileExport.cpp">
      <Filter>Source Files\ex1</Filter>
    </ClCompile>
    <ClCompile Include="CompileProgramControl.cpp">
      <Filter>Source Files\ex1</Filter>
    </ClCompile>
    <ClCompile Include="Compissa.cpp">
      <Filter>Source Files\ex1</Filter>
    </ClCompile>
    <ClCompile Include="Comptbl.cpp">
      <Filter>Source Files\ex1</Filter>
    </ClCompile>
    <ClCompile Include="Comp_set.cpp">
      <Filter>Source Files\ex1</Filter>
    </ClCompile>
    <ClCompile Include="Ctab.cpp">
      <Filter>Source Files\ex1</Filter>
    </ClCompile>
    <ClCompile Include="Ctab_Helper.cpp">
      <Filter>Source Files\ex1</Filter>
    </ClCompile>
    <ClCompile Include="DeWrite.cpp">
      <Filter>Source Files\CEXEntry</Filter>
    </ClCompile>
    <ClCompile Include="DicX.cpp">
      <Filter>Source Files\CEXEntry</Filter>
    </ClCompile>
    <ClCompile Include="Do_xtab.cpp">
      <Filter>Source Files\ex2</Filter>
    </ClCompile>
    <ClCompile Include="engdrv.cpp">
      <Filter>Source Files\ex2</Filter>
    </ClCompile>
    <ClCompile Include="EngineDictionaryModifier.cpp">
      <Filter>Source Files\ex2</Filter>
    </ClCompile>
    <ClCompile Include="Entifaz.cpp">
      <Filter>Source Files\CEXEntry</Filter>
    </ClCompile>
    <ClCompile Include="Exappl.cpp">
      <Filter>Source Files\ex2</Filter>
    </ClCompile>
    <ClCompile Include="exapplva.cpp">
      <Filter>Source Files\ex2</Filter>
    </ClCompile>
    <ClCompile Include="Exbatchf.cpp">
      <Filter>Source Files\ex2</Filter>
    </ClCompile>
    <ClCompile Include="Exopfile.cpp">
      <Filter>Source Files\ex2</Filter>
    </ClCompile>
    <ClCompile Include="Exportf1.cpp">
      <Filter>Source Files\ex2</Filter>
    </ClCompile>
    <ClCompile Include="ExpresC.cpp">
      <Filter>Source Files\ex1</Filter>
    </ClCompile>
    <ClCompile Include="Expresc_Helper.cpp">
      <Filter>Source Files\ex1</Filter>
    </ClCompile>
    <ClCompile Include="GpsFuncs.cpp">
      <Filter>Source Files\ex2</Filter>
    </ClCompile>
    <ClCompile Include="Instruc.cpp">
      <Filter>Source Files\ex1</Filter>
    </ClCompile>
    <ClCompile Include="intcapi.cpp">
      <Filter>Source Files\ex2</Filter>
    </ClCompile>
    <ClCompile Include="IntCase.cpp">
      <Filter>Source Files\ex2</Filter>
    </ClCompile>
    <ClCompile Include="Intchars.cpp">
      <Filter>Source Files\ex2</Filter>
    </ClCompile>
    <ClCompile Include="IntDataAccess.cpp">
      <Filter>Source Files\ex2</Filter>
    </ClCompile>
    <ClCompile Include="Intdentr.cpp">
      <Filter>Source Files\dep</Filter>
    </ClCompile>
    <ClCompile Include="Intdrive.cpp">
      <Filter>Source Files\ex2</Filter>
    </ClCompile>
    <ClCompile Include="IntDynamicLogicEvaluation.cpp">
      <Filter>Source Files\ex2</Filter>
    </ClCompile>
    <ClCompile Include="intenter.cpp">
      <Filter>Source Files\dep</Filter>
    </ClCompile>
    <ClCompile Include="InterpreterAccessor.cpp">
      <Filter>Source Files\ex2</Filter>
    </ClCompile>
    <ClCompile Include="Intexpr.cpp">
      <Filter>Source Files\ex2</Filter>
    </ClCompile>
    <ClCompile Include="Intextdi.cpp">
      <Filter>Source Files\ex2</Filter>
    </ClCompile>
    <ClCompile Include="IntFreq.cpp">
      <Filter>Source Files\ex2</Filter>
    </ClCompile>
    <ClCompile Include="Intfuncs.cpp">
      <Filter>Source Files\ex2</Filter>
    </ClCompile>
    <ClCompile Include="IntImpute.cpp">
      <Filter>Source Files\ex2</Filter>
    </ClCompile>
    <ClCompile Include="IntInstr.cpp">
      <Filter>Source Files\ex2</Filter>
    </ClCompile>
    <ClCompile Include="IntItem.cpp">
      <Filter>Source Files\ex2</Filter>
    </ClCompile>
    <ClCompile Include="IntLanguage.cpp">
      <Filter>Source Files\ex2</Filter>
    </ClCompile>
    <ClCompile Include="IntMessages.cpp">
      <Filter>Source Files\ex2</Filter>
    </ClCompile>
    <ClCompile Include="IntOccurrences.cpp">
      <Filter>Source Files\ex2</Filter>
    </ClCompile>
    <ClCompile Include="IntPre77Report.cpp">
      <Filter>Source Files\ex2</Filter>
    </ClCompile>
    <ClCompile Include="IntProgramControl.cpp">
      <Filter>Source Files\ex2</Filter>
    </ClCompile>
    <ClCompile Include="IntProperties.cpp">
      <Filter>Source Files\ex2</Filter>
    </ClCompile>
    <ClCompile Include="IntQuery.cpp">
      <Filter>Source Files\ex2</Filter>
    </ClCompile>
    <ClCompile Include="IntSync.cpp">
      <Filter>Source Files\ex2</Filter>
    </ClCompile>
    <ClCompile Include="Inttbl.cpp">
      <Filter>Source Files\ex2</Filter>
    </ClCompile>
    <ClCompile Include="IntUserbar.cpp">
      <Filter>Source Files\ex2</Filter>
    </ClCompile>
    <ClCompile Include="IntUserFunction.cpp">
      <Filter>Source Files\ex2</Filter>
    </ClCompile>
    <ClCompile Include="IntUserInterface.cpp">
      <Filter>Source Files\ex2</Filter>
    </ClCompile>
    <ClCompile Include="Intxtab.cpp">
      <Filter>Source Files\ex2</Filter>
    </ClCompile>
    <ClCompile Include="Int_set.cpp">
      <Filter>Source Files\ex2</Filter>
    </ClCompile>
    <ClCompile Include="Listing.cpp">
      <Filter>Source Files\ex2</Filter>
    </ClCompile>
    <ClCompile Include="LoadSaveBinary.cpp">
      <Filter>Source Files\ex2</Filter>
    </ClCompile>
    <ClCompile Include="Nextnode.cpp">
      <Filter>Source Files\ex2</Filter>
    </ClCompile>
    <ClCompile Include="oexpresc.cpp">
      <Filter>Source Files\ex1</Filter>
    </ClCompile>
    <ClCompile Include="ParadataDriver.cpp">
      <Filter>Source Files\ex2</Filter>
    </ClCompile>
    <ClCompile Include="Pre80Routines.cpp">
      <Filter>Source Files\ex2</Filter>
    </ClCompile>
    <ClCompile Include="RangeFunctions.cpp">
      <Filter>Source Files\ex1</Filter>
    </ClCompile>
    <ClCompile Include="Relation.cpp">
      <Filter>Source Files\CEXEntry</Filter>
    </ClCompile>
    <ClCompile Include="SecX.cpp">
      <Filter>Source Files\CEXEntry</Filter>
    </ClCompile>
    <ClCompile Include="Tabfuncs.cpp">
      <Filter>Source Files\ex2</Filter>
    </ClCompile>
    <ClCompile Include="Tbd_save.cpp">
      <Filter>Source Files\ex2</Filter>
    </ClCompile>
    <ClCompile Include="VarX.cpp">
      <Filter>Source Files\CEXEntry</Filter>
    </ClCompile>
    <ClCompile Include="VTStruct.cpp">
      <Filter>Source Files\ex2</Filter>
    </ClCompile>
  </ItemGroup>
</Project>