<?xml version="1.0" encoding="utf-8"?>
<Project ToolsVersion="4.0" xmlns="http://schemas.microsoft.com/developer/msbuild/2003">
  <ItemGroup>
    <Filter Include="Source Files">
      <UniqueIdentifier>{4FC737F1-C7A5-4376-A066-2A32D752A2FF}</UniqueIdentifier>
      <Extensions>cpp;c;cc;cxx;c++;cppm;ixx;def;odl;idl;hpj;bat;asm;asmx</Extensions>
    </Filter>
    <Filter Include="Header Files">
      <UniqueIdentifier>{93995380-89BD-4b04-88EB-625FBE52EBFB}</UniqueIdentifier>
      <Extensions>h;hh;hpp;hxx;h++;hm;inl;inc;ipp;xsd</Extensions>
    </Filter>
    <Filter Include="Resource Files">
      <UniqueIdentifier>{67DA6AB6-F800-4c08-8B7A-83BB121AAD01}</UniqueIdentifier>
      <Extensions>rc;ico;cur;bmp;dlg;rc2;rct;bin;rgs;gif;jpg;jpeg;jpe;resx;tiff;tif;png;wav;mfcribbon-ms</Extensions>
    </Filter>
    <Filter Include="Overrides">
      <UniqueIdentifier>{518f3612-4069-4006-a277-c3b0fff8f384}</UniqueIdentifier>
    </Filter>
  </ItemGroup>
  <ItemGroup>
    <ClInclude Include="Controller.h">
      <Filter>Header Files</Filter>
    </ClInclude>
    <ClInclude Include="ControllerThreadRunningFrame.h">
      <Filter>Header Files</Filter>
    </ClInclude>
    <ClInclude Include="FeatureBranchSyncerView.h">
      <Filter>Header Files</Filter>
    </ClInclude>
    <ClInclude Include="FileReplacer.h">
      <Filter>Header Files</Filter>
    </ClInclude>
    <ClInclude Include="GitHubConnection.h">
      <Filter>Header Files</Filter>
    </ClInclude>
    <ClInclude Include="LibraryManager.h">
      <Filter>Header Files</Filter>
    </ClInclude>
    <ClInclude Include="LogFrameAndView.h">
      <Filter>Header Files</Filter>
    </ClInclude>
    <ClInclude Include="MainFrame.h">
      <Filter>Header Files</Filter>
    </ClInclude>
    <ClInclude Include="ManageLibrariesView.h">
      <Filter>Header Files</Filter>
    </ClInclude>
    <ClInclude Include="ManualMirrorerView.h">
      <Filter>Header Files</Filter>
    </ClInclude>
    <ClInclude Include="OpenSourceSyncer.h">
      <Filter>Header Files</Filter>
    </ClInclude>
    <ClInclude Include="Overrides\replacement-ApiKeys.h">
      <Filter>Overrides</Filter>
    </ClInclude>
    <ClInclude Include="RepoFilePath.h">
      <Filter>Header Files</Filter>
    </ClInclude>
    <ClInclude Include="RepositoryComparerView.h">
      <Filter>Header Files</Filter>
    </ClInclude>
    <ClInclude Include="resource.h">
      <Filter>Header Files</Filter>
    </ClInclude>
    <ClInclude Include="SettingsDlg.h">
      <Filter>Header Files</Filter>
    </ClInclude>
    <ClInclude Include="StdAfx.h">
      <Filter>Header Files</Filter>
    </ClInclude>
    <ClInclude Include="Syncer.h">
      <Filter>Header Files</Filter>
    </ClInclude>
    <ClInclude Include="UWM.h">
      <Filter>Header Files</Filter>
    </ClInclude>
  </ItemGroup>
  <ItemGroup>
    <ClCompile Include="Controller.cpp">
      <Filter>Source Files</Filter>
    </ClCompile>
    <ClCompile Include="ControllerThreadRunningFrame.cpp">
      <Filter>Source Files</Filter>
    </ClCompile>
    <ClCompile Include="FeatureBranchSyncerView.cpp">
      <Filter>Source Files</Filter>
    </ClCompile>
    <ClCompile Include="FileReplacer.cpp">
      <Filter>Source Files</Filter>
    </ClCompile>
    <ClCompile Include="GitHubConnection.cpp">
      <Filter>Source Files</Filter>
    </ClCompile>
    <ClCompile Include="LibraryManager.cpp">
      <Filter>Source Files</Filter>
    </ClCompile>
    <ClCompile Include="LogFrameAndView.cpp">
      <Filter>Source Files</Filter>
    </ClCompile>
    <ClCompile Include="MainFrame.cpp">
      <Filter>Source Files</Filter>
    </ClCompile>
    <ClCompile Include="ManageLibrariesView.cpp">
      <Filter>Source Files</Filter>
    </ClCompile>
    <ClCompile Include="ManualMirrorerView.cpp">
      <Filter>Source Files</Filter>
    </ClCompile>
    <ClCompile Include="OpenSourceSyncer.cpp">
      <Filter>Source Files</Filter>
    </ClCompile>
    <ClCompile Include="RepositoryComparerView.cpp">
      <Filter>Source Files</Filter>
    </ClCompile>
    <ClCompile Include="SettingsDlg.cpp">
      <Filter>Source Files</Filter>
    </ClCompile>
    <ClCompile Include="StdAfx.cpp">
      <Filter>Source Files</Filter>
    </ClCompile>
    <ClCompile Include="Syncer.cpp">
      <Filter>Source Files</Filter>
    </ClCompile>
  </ItemGroup>
  <ItemGroup>
    <ResourceCompile Include="OpenSourceSyncer.rc">
      <Filter>Resource Files</Filter>
    </ResourceCompile>
  </ItemGroup>
  <ItemGroup>
    <Text Include="Overrides\exclusions.txt">
      <Filter>Overrides</Filter>
    </Text>
  </ItemGroup>
  <ItemGroup>
    <Xml Include="Overrides\replacement-api_keys.xml">
      <Filter>Overrides</Filter>
    </Xml>
  </ItemGroup>
  <ItemGroup>
    <None Include="Overrides\replacements.json">
      <Filter>Overrides</Filter>
    </None>
  </ItemGroup>
  <ItemGroup>
    <Image Include="res\OpenSourceSyncer.ico">
      <Filter>Resource Files</Filter>
    </Image>
  </ItemGroup>
</Project>