
Microsoft Visual Studio Solution File, Format Version 12.00
# Visual Studio Version 17
VisualStudioVersion = 17.0.32112.339
MinimumVisualStudioVersion = 10.0.40219.1
Project("{FAE04EC0-301F-11D3-BF4B-00C04F79EFBC}") = "Update Version", "Update Version\Update Version.csproj", "{47FCCC02-4D56-4CB6-87E5-EA3D1954AB00}"
EndProject
Global
	GlobalSection(SolutionConfigurationPlatforms) = preSolution
		Debug|Any CPU = Debug|Any CPU
		Release|Any CPU = Release|Any CPU
	EndGlobalSection
	GlobalSection(ProjectConfigurationPlatforms) = postSolution
		{47FCCC02-4D56-4CB6-87E5-EA3D1954AB00}.Debug|Any CPU.ActiveCfg = Debug|Any CPU
		{47FCCC02-4D56-4CB6-87E5-EA3D1954AB00}.Debug|Any CPU.Build.0 = Debug|Any CPU
		{47FCCC02-4D56-4CB6-87E5-EA3D1954AB00}.Release|Any CPU.ActiveCfg = Release|Any CPU
		{47FCCC02-4D56-4CB6-87E5-EA3D1954AB00}.Release|Any CPU.Build.0 = Release|Any CPU
	EndGlobalSection
	GlobalSection(SolutionProperties) = preSolution
		HideSolutionNode = FALSE
	EndGlobalSection
	GlobalSection(ExtensibilityGlobals) = postSolution
		SolutionGuid = {7FF16D46-1C39-49CD-A51A-13A47B3D2846}
	EndGlobalSection
EndGlobal
