<?xml version="1.0" encoding="utf-8"?>
<Project ToolsVersion="4.0" xmlns="http://schemas.microsoft.com/developer/msbuild/2003">
  <ItemGroup>
    <Filter Include="Source Files">
      <UniqueIdentifier>{fab17e5f-3591-4f32-aefd-631d803a6bc4}</UniqueIdentifier>
      <Extensions>cpp;c;cxx;rc;def;r;odl;idl;hpj;bat</Extensions>
    </Filter>
    <Filter Include="Header Files">
      <UniqueIdentifier>{a4f9baa4-f1d7-4c35-96fe-2f32b5beb145}</UniqueIdentifier>
      <Extensions>h;hpp;hxx;hm;inl</Extensions>
    </Filter>
    <Filter Include="Source Files\issa">
      <UniqueIdentifier>{f1c1314a-7955-4b8b-b9e9-789a1695b08e}</UniqueIdentifier>
    </Filter>
  </ItemGroup>
  <ItemGroup>
    <ClCompile Include="..\engine\Applload.cpp">
      <Filter>Source Files\issa</Filter>
    </ClCompile>
    <ClCompile Include="..\engine\CtUnit.cpp">
      <Filter>Source Files\issa</Filter>
    </ClCompile>
    <ClCompile Include="..\engine\Export.cpp">
      <Filter>Source Files</Filter>
    </ClCompile>
    <ClCompile Include="..\engine\Export2.cpp">
      <Filter>Source Files</Filter>
    </ClCompile>
    <ClCompile Include="..\engine\Form.cpp">
      <Filter>Source Files\issa</Filter>
    </ClCompile>
    <ClCompile Include="..\engine\IssaFunc.cpp">
      <Filter>Source Files\issa</Filter>
    </ClCompile>
    <ClCompile Include="..\engine\Messages.cpp">
      <Filter>Source Files\issa</Filter>
    </ClCompile>
    <ClCompile Include="..\engine\RelT.cpp">
      <Filter>Source Files\issa</Filter>
    </ClCompile>
    <ClCompile Include="..\engine\Settings.cpp">
      <Filter>Source Files\issa</Filter>
    </ClCompile>
    <ClCompile Include="..\engine\SubTable.cpp">
      <Filter>Source Files\issa</Filter>
    </ClCompile>
    <ClCompile Include="..\engine\Tables.cpp">
      <Filter>Source Files\issa</Filter>
    </ClCompile>
    <ClCompile Include="..\engine\Tablesen.cpp">
      <Filter>Source Files\issa</Filter>
    </ClCompile>
    <ClCompile Include="..\engine\VariableInOut.cpp">
      <Filter>Source Files\issa</Filter>
    </ClCompile>
    <ClCompile Include="Attr.cpp">
      <Filter>Source Files</Filter>
    </ClCompile>
    <ClCompile Include="CFlAdmin.cpp">
      <Filter>Source Files</Filter>
    </ClCompile>
    <ClCompile Include="CFlow.cpp">
      <Filter>Source Files</Filter>
    </ClCompile>
    <ClCompile Include="CsDriver.cpp">
      <Filter>Source Files</Filter>
    </ClCompile>
    <ClCompile Include="CsDriver1.cpp">
      <Filter>Source Files</Filter>
    </ClCompile>
    <ClCompile Include="CsKernel.cpp">
      <Filter>Source Files</Filter>
    </ClCompile>
    <ClCompile Include="Defuncs.cpp">
      <Filter>Source Files</Filter>
    </ClCompile>
    <ClCompile Include="DicT.cpp">
      <Filter>Source Files</Filter>
    </ClCompile>
    <ClCompile Include="Dictload.cpp">
      <Filter>Source Files</Filter>
    </ClCompile>
    <ClCompile Include="EngineAccessor.cpp">
      <Filter>Source Files</Filter>
    </ClCompile>
    <ClCompile Include="EngineLoader.cpp">
      <Filter>Source Files</Filter>
    </ClCompile>
    <ClCompile Include="Exallocd.cpp">
      <Filter>Source Files</Filter>
    </ClCompile>
    <ClCompile Include="Exapplfu.cpp">
      <Filter>Source Files</Filter>
    </ClCompile>
    <ClCompile Include="Exapplin.cpp">
      <Filter>Source Files</Filter>
    </ClCompile>
    <ClCompile Include="ExNotes.cpp">
      <Filter>Source Files</Filter>
    </ClCompile>
    <ClCompile Include="FlowCore.cpp">
      <Filter>Source Files</Filter>
    </ClCompile>
    <ClCompile Include="FlowLoad.cpp">
      <Filter>Source Files</Filter>
    </ClCompile>
    <ClCompile Include="Form2.cpp">
      <Filter>Source Files</Filter>
    </ClCompile>
    <ClCompile Include="GroupT.cpp">
      <Filter>Source Files</Filter>
    </ClCompile>
    <ClCompile Include="GroupT2.cpp">
      <Filter>Source Files</Filter>
    </ClCompile>
    <ClCompile Include="GroupVisitor.cpp">
      <Filter>Source Files</Filter>
    </ClCompile>
    <ClCompile Include="Labsalo.cpp">
      <Filter>Source Files</Filter>
    </ClCompile>
    <ClCompile Include="OccurrenceInfo.cpp">
      <Filter>Source Files</Filter>
    </ClCompile>
    <ClCompile Include="OccurrenceInfoSet.cpp">
      <Filter>Source Files</Filter>
    </ClCompile>
    <ClCompile Include="OccurrenceVisitor.cpp">
      <Filter>Source Files</Filter>
    </ClCompile>
    <ClCompile Include="SecT.cpp">
      <Filter>Source Files</Filter>
    </ClCompile>
    <ClCompile Include="StdAfx.cpp">
      <Filter>Source Files</Filter>
    </ClCompile>
    <ClCompile Include="VarT.cpp">
      <Filter>Source Files</Filter>
    </ClCompile>
  </ItemGroup>
  <ItemGroup>
    <ClInclude Include="CFlAdmin.h">
      <Filter>Header Files</Filter>
    </ClInclude>
    <ClInclude Include="CFlow.h">
      <Filter>Header Files</Filter>
    </ClInclude>
    <ClInclude Include="CsDriver.h">
      <Filter>Header Files</Filter>
    </ClInclude>
    <ClInclude Include="CsKernel.h">
      <Filter>Header Files</Filter>
    </ClInclude>
    <ClInclude Include="FlowAtom.h">
      <Filter>Header Files</Filter>
    </ClInclude>
    <ClInclude Include="FlowCore.h">
      <Filter>Header Files</Filter>
    </ClInclude>
    <ClInclude Include="GroupT.h">
      <Filter>Header Files</Filter>
    </ClInclude>
    <ClInclude Include="GroupT2.h">
      <Filter>Header Files</Filter>
    </ClInclude>
    <ClInclude Include="OccurrenceInfo.h">
      <Filter>Header Files</Filter>
    </ClInclude>
    <ClInclude Include="OccurrenceInfoSet.h">
      <Filter>Header Files</Filter>
    </ClInclude>
    <ClInclude Include="OccurrenceVisitor.h">
      <Filter>Header Files</Filter>
    </ClInclude>
    <ClInclude Include="SecT.h">
      <Filter>Header Files</Filter>
    </ClInclude>
    <ClInclude Include="StdAfx.h">
      <Filter>Header Files</Filter>
    </ClInclude>
  </ItemGroup>
</Project>