
Microsoft Visual Studio Solution File, Format Version 12.00
# Visual Studio Version 17
VisualStudioVersion = 17.0.32112.339
MinimumVisualStudioVersion = 10.0.40219.1
Project("{8BC9CEB8-8B4A-11D0-8D11-00A0C91BC942}") = "Update Example Files", "Update Example Files\Update Example Files.vcxproj", "{23B7DB2D-E00E-48BC-81A1-130FD46E6077}"
EndProject
Global
	GlobalSection(SolutionConfigurationPlatforms) = preSolution
		Debug|x86 = Debug|x86
	EndGlobalSection
	GlobalSection(ProjectConfigurationPlatforms) = postSolution
		{23B7DB2D-E00E-48BC-81A1-130FD46E6077}.Debug|x86.ActiveCfg = Debug|Win32
		{23B7DB2D-E00E-48BC-81A1-130FD46E6077}.Debug|x86.Build.0 = Debug|Win32
	EndGlobalSection
	GlobalSection(SolutionProperties) = preSolution
		HideSolutionNode = FALSE
	EndGlobalSection
	GlobalSection(ExtensibilityGlobals) = postSolution
		SolutionGuid = {1AEC252C-2571-42E1-8AD1-B085D60E1C07}
	EndGlobalSection
EndGlobal
