<?xml version="1.0" encoding="utf-8"?>
<Project ToolsVersion="4.0" xmlns="http://schemas.microsoft.com/developer/msbuild/2003">
  <ItemGroup>
    <Filter Include="Source Files">
      <UniqueIdentifier>{4FC737F1-C7A5-4376-A066-2A32D752A2FF}</UniqueIdentifier>
      <Extensions>cpp;c;cc;cxx;c++;cppm;ixx;def;odl;idl;hpj;bat;asm;asmx</Extensions>
    </Filter>
    <Filter Include="Header Files">
      <UniqueIdentifier>{93995380-89BD-4b04-88EB-625FBE52EBFB}</UniqueIdentifier>
      <Extensions>h;hh;hpp;hxx;h++;hm;inl;inc;ipp;xsd</Extensions>
    </Filter>
  </ItemGroup>
  <ItemGroup>
    <ClCompile Include="GitBlob.cpp">
      <Filter>Source Files</Filter>
    </ClCompile>
    <ClCompile Include="GitBranch.cpp">
      <Filter>Source Files</Filter>
    </ClCompile>
    <ClCompile Include="GitCommit.cpp">
      <Filter>Source Files</Filter>
    </ClCompile>
    <ClCompile Include="GitDiff.cpp">
      <Filter>Source Files</Filter>
    </ClCompile>
    <ClCompile Include="GitIgnoreEvaluator.cpp">
      <Filter>Source Files</Filter>
    </ClCompile>
    <ClCompile Include="GitIndex.cpp">
      <Filter>Source Files</Filter>
    </ClCompile>
    <ClCompile Include="GitInitializer.cpp">
      <Filter>Source Files</Filter>
    </ClCompile>
    <ClCompile Include="GitMerge.cpp">
      <Filter>Source Files</Filter>
    </ClCompile>
    <ClCompile Include="GitObject.cpp">
      <Filter>Source Files</Filter>
    </ClCompile>
    <ClCompile Include="GitObjectId.cpp">
      <Filter>Source Files</Filter>
    </ClCompile>
    <ClCompile Include="GitReference.cpp">
      <Filter>Source Files</Filter>
    </ClCompile>
    <ClCompile Include="GitRepository.cpp">
      <Filter>Source Files</Filter>
    </ClCompile>
    <ClCompile Include="GitRevisionWalker.cpp">
      <Filter>Source Files</Filter>
    </ClCompile>
    <ClCompile Include="GitSignature.cpp">
      <Filter>Source Files</Filter>
    </ClCompile>
    <ClCompile Include="GitTag.cpp">
      <Filter>Source Files</Filter>
    </ClCompile>
    <ClCompile Include="GitTime.cpp">
      <Filter>Source Files</Filter>
    </ClCompile>
    <ClCompile Include="GitTree.cpp">
      <Filter>Source Files</Filter>
    </ClCompile>
    <ClCompile Include="GitTreeEntry.cpp">
      <Filter>Source Files</Filter>
    </ClCompile>
    <ClCompile Include="StdAfx.cpp">
      <Filter>Source Files</Filter>
    </ClCompile>
  </ItemGroup>
  <ItemGroup>
    <ClInclude Include="GitBlob.h">
      <Filter>Header Files</Filter>
    </ClInclude>
    <ClInclude Include="GitBranch.h">
      <Filter>Header Files</Filter>
    </ClInclude>
    <ClInclude Include="GitCommit.h">
      <Filter>Header Files</Filter>
    </ClInclude>
    <ClInclude Include="GitDiff.h">
      <Filter>Header Files</Filter>
    </ClInclude>
    <ClInclude Include="GitException.h">
      <Filter>Header Files</Filter>
    </ClInclude>
    <ClInclude Include="GitIgnoreEvaluator.h">
      <Filter>Header Files</Filter>
    </ClInclude>
    <ClInclude Include="GitIndex.h">
      <Filter>Header Files</Filter>
    </ClInclude>
    <ClInclude Include="GitInitializer.h">
      <Filter>Header Files</Filter>
    </ClInclude>
    <ClInclude Include="GitMerge.h">
      <Filter>Header Files</Filter>
    </ClInclude>
    <ClInclude Include="GitObject.h">
      <Filter>Header Files</Filter>
    </ClInclude>
    <ClInclude Include="GitObjectId.h">
      <Filter>Header Files</Filter>
    </ClInclude>
    <ClInclude Include="GitReference.h">
      <Filter>Header Files</Filter>
    </ClInclude>
    <ClInclude Include="GitRepository.h">
      <Filter>Header Files</Filter>
    </ClInclude>
    <ClInclude Include="GitRevisionWalker.h">
      <Filter>Header Files</Filter>
    </ClInclude>
    <ClInclude Include="GitSignature.h">
      <Filter>Header Files</Filter>
    </ClInclude>
    <ClInclude Include="GitTag.h">
      <Filter>Header Files</Filter>
    </ClInclude>
    <ClInclude Include="GitTime.h">
      <Filter>Header Files</Filter>
    </ClInclude>
    <ClInclude Include="GitTree.h">
      <Filter>Header Files</Filter>
    </ClInclude>
    <ClInclude Include="GitTreeEntry.h">
      <Filter>Header Files</Filter>
    </ClInclude>
    <ClInclude Include="StdAfx.h">
      <Filter>Header Files</Filter>
    </ClInclude>
    <ClInclude Include="zGit.h">
      <Filter>Header Files</Filter>
    </ClInclude>
  </ItemGroup>
</Project>