<?xml version="1.0" encoding="utf-8"?>
<Project ToolsVersion="4.0" xmlns="http://schemas.microsoft.com/developer/msbuild/2003">
  <ItemGroup>
    <Filter Include="Source Files">
      <UniqueIdentifier>{4FC737F1-C7A5-4376-A066-2A32D752A2FF}</UniqueIdentifier>
      <Extensions>cpp;c;cc;cxx;def;odl;idl;hpj;bat;asm;asmx</Extensions>
    </Filter>
    <Filter Include="Header Files">
      <UniqueIdentifier>{93995380-89BD-4b04-88EB-625FBE52EBFB}</UniqueIdentifier>
      <Extensions>h;hh;hpp;hxx;hm;inl;inc;xsd</Extensions>
    </Filter>
    <Filter Include="Resource Files">
      <UniqueIdentifier>{67DA6AB6-F800-4c08-8B7A-83BB121AAD01}</UniqueIdentifier>
      <Extensions>rc;ico;cur;bmp;dlg;rc2;rct;bin;rgs;gif;jpg;jpeg;jpe;resx;tiff;tif;png;wav;mfcribbon-ms</Extensions>
    </Filter>
  </ItemGroup>
  <ItemGroup>
    <ClInclude Include="ApplicationPackage.h">
      <Filter>Header Files</Filter>
    </ClInclude>
    <ClInclude Include="ApplicationPackageManager.h">
      <Filter>Header Files</Filter>
    </ClInclude>
    <ClInclude Include="AppSyncParamRunner.h">
      <Filter>Header Files</Filter>
    </ClInclude>
    <ClInclude Include="BarcodeCredentials.h">
      <Filter>Header Files</Filter>
    </ClInclude>
    <ClInclude Include="BluetoothChunk.h">
      <Filter>Header Files</Filter>
    </ClInclude>
    <ClInclude Include="BluetoothDeviceInfo.h">
      <Filter>Header Files</Filter>
    </ClInclude>
    <ClInclude Include="BluetoothObexConnection.h">
      <Filter>Header Files</Filter>
    </ClInclude>
    <ClInclude Include="BluetoothObexServer.h">
      <Filter>Header Files</Filter>
    </ClInclude>
    <ClInclude Include="BluetoothSyncService.h">
      <Filter>Header Files</Filter>
    </ClInclude>
    <ClInclude Include="CaseObservable.h">
      <Filter>Header Files</Filter>
    </ClInclude>
    <ClInclude Include="ChooseBluetoothDeviceDialog.h">
      <Filter>Header Files</Filter>
    </ClInclude>
    <ClInclude Include="CSWebSyncService.h">
      <Filter>Header Files</Filter>
    </ClInclude>
    <ClInclude Include="DataSyncer.h">
      <Filter>Header Files</Filter>
    </ClInclude>
    <ClInclude Include="DialogBasedSyncListener.h">
      <Filter>Header Files</Filter>
    </ClInclude>
    <ClInclude Include="DropboxLocalSyncService.h">
      <Filter>Header Files</Filter>
    </ClInclude>
    <ClInclude Include="DropboxSyncService.h">
      <Filter>Header Files</Filter>
    </ClInclude>
    <ClInclude Include="ExponentialBackoff.h">
      <Filter>Header Files</Filter>
    </ClInclude>
    <ClInclude Include="FileBasedParadataSyncer.h">
      <Filter>Header Files</Filter>
    </ClInclude>
    <ClInclude Include="FileBasedSyncService.h">
      <Filter>Header Files</Filter>
    </ClInclude>
    <ClInclude Include="FtpSyncService.h">
      <Filter>Header Files</Filter>
    </ClInclude>
    <ClInclude Include="IBluetoothAdapter.h">
      <Filter>Header Files</Filter>
    </ClInclude>
    <ClInclude Include="IDataChunk.h">
      <Filter>Header Files</Filter>
    </ClInclude>
    <ClInclude Include="IObexResource.h">
      <Filter>Header Files</Filter>
    </ClInclude>
    <ClInclude Include="IObexTransport.h">
      <Filter>Header Files</Filter>
    </ClInclude>
    <ClInclude Include="ISyncService.h">
      <Filter>Header Files</Filter>
    </ClInclude>
    <ClInclude Include="ISyncServiceFactory.h">
      <Filter>Header Files</Filter>
    </ClInclude>
    <ClInclude Include="JsonConverter.h">
      <Filter>Header Files</Filter>
    </ClInclude>
    <ClInclude Include="LocalFileSyncService.h">
      <Filter>Header Files</Filter>
    </ClInclude>
    <ClInclude Include="NetworkDataChunk.h">
      <Filter>Header Files</Filter>
    </ClInclude>
    <ClInclude Include="ObexClient.h">
      <Filter>Header Files</Filter>
    </ClInclude>
    <ClInclude Include="ObexConstants.h">
      <Filter>Header Files</Filter>
    </ClInclude>
    <ClInclude Include="ObexHeader.h">
      <Filter>Header Files</Filter>
    </ClInclude>
    <ClInclude Include="ObexPacket.h">
      <Filter>Header Files</Filter>
    </ClInclude>
    <ClInclude Include="ObexPacketSerializer.h">
      <Filter>Header Files</Filter>
    </ClInclude>
    <ClInclude Include="ObexServer.h">
      <Filter>Header Files</Filter>
    </ClInclude>
    <ClInclude Include="resource.h">
      <Filter>Header Files</Filter>
    </ClInclude>
    <ClInclude Include="stdafx.h">
      <Filter>Header Files</Filter>
    </ClInclude>
    <ClInclude Include="SyncClient.h">
      <Filter>Header Files</Filter>
    </ClInclude>
    <ClInclude Include="SyncDictionaryInfo.h">
      <Filter>Header Files</Filter>
    </ClInclude>
    <ClInclude Include="SyncExceptionRethrower.h">
      <Filter>Header Files</Filter>
    </ClInclude>
    <ClInclude Include="SyncGetResponse.h">
      <Filter>Header Files</Filter>
    </ClInclude>
    <ClInclude Include="SyncLogCaseConstructionReporter.h">
      <Filter>Header Files</Filter>
    </ClInclude>
    <ClInclude Include="SyncLoginAccessor.h">
      <Filter>Header Files</Filter>
    </ClInclude>
    <ClInclude Include="SyncMessage.h">
      <Filter>Header Files</Filter>
    </ClInclude>
    <ClInclude Include="SyncObexHandler.h">
      <Filter>Header Files</Filter>
    </ClInclude>
    <ClInclude Include="SyncPutResponse.h">
      <Filter>Header Files</Filter>
    </ClInclude>
    <ClInclude Include="SyncRunner.h">
      <Filter>Header Files</Filter>
    </ClInclude>
    <ClInclude Include="SyncRunnerActionInvoker.h">
      <Filter>Header Files</Filter>
    </ClInclude>
    <ClInclude Include="SyncServiceFactory.h">
      <Filter>Header Files</Filter>
    </ClInclude>
    <ClInclude Include="SyncServiceSelectorDlg.h">
      <Filter>Header Files</Filter>
    </ClInclude>
    <ClInclude Include="UWM.h">
      <Filter>Header Files</Filter>
    </ClInclude>
    <ClInclude Include="WinBluetoothAdapter.h">
      <Filter>Header Files</Filter>
    </ClInclude>
    <ClInclude Include="WinBluetoothNameSetter.h">
      <Filter>Header Files</Filter>
    </ClInclude>
    <ClInclude Include="WinBluetoothScanner.h">
      <Filter>Header Files</Filter>
    </ClInclude>
    <ClInclude Include="WinObexBluetoothTransport.h">
      <Filter>Header Files</Filter>
    </ClInclude>
    <ClInclude Include="zSyncO.h">
      <Filter>Header Files</Filter>
    </ClInclude>
  </ItemGroup>
  <ItemGroup>
    <ClCompile Include="ApplicationPackage.cpp">
      <Filter>Source Files</Filter>
    </ClCompile>
    <ClCompile Include="ApplicationPackageManager.cpp">
      <Filter>Source Files</Filter>
    </ClCompile>
    <ClCompile Include="AppSyncParamRunner.cpp">
      <Filter>Source Files</Filter>
    </ClCompile>
    <ClCompile Include="BarcodeCredentials.cpp">
      <Filter>Source Files</Filter>
    </ClCompile>
    <ClCompile Include="BluetoothChunk.cpp">
      <Filter>Source Files</Filter>
    </ClCompile>
    <ClCompile Include="BluetoothObexConnection.cpp">
      <Filter>Source Files</Filter>
    </ClCompile>
    <ClCompile Include="BluetoothObexServer.cpp">
      <Filter>Source Files</Filter>
    </ClCompile>
    <ClCompile Include="BluetoothSyncService.cpp">
      <Filter>Source Files</Filter>
    </ClCompile>
    <ClCompile Include="ChooseBluetoothDeviceDialog.cpp">
      <Filter>Source Files</Filter>
    </ClCompile>
    <ClCompile Include="CSWebSyncService.cpp">
      <Filter>Source Files</Filter>
    </ClCompile>
    <ClCompile Include="DataSyncer.cpp">
      <Filter>Source Files</Filter>
    </ClCompile>
    <ClCompile Include="DialogBasedSyncListener.cpp">
      <Filter>Source Files</Filter>
    </ClCompile>
    <ClCompile Include="DropboxLocalSyncService.cpp">
      <Filter>Source Files</Filter>
    </ClCompile>
    <ClCompile Include="DropboxSyncService.cpp">
      <Filter>Source Files</Filter>
    </ClCompile>
    <ClCompile Include="FileBasedParadataSyncer.cpp">
      <Filter>Source Files</Filter>
    </ClCompile>
    <ClCompile Include="FileBasedSyncService.cpp">
      <Filter>Source Files</Filter>
    </ClCompile>
    <ClCompile Include="FtpSyncService.cpp">
      <Filter>Source Files</Filter>
    </ClCompile>
    <ClCompile Include="JsonConverter.cpp">
      <Filter>Source Files</Filter>
    </ClCompile>
    <ClCompile Include="LocalFileSyncService.cpp">
      <Filter>Source Files</Filter>
    </ClCompile>
    <ClCompile Include="NetworkDataChunk.cpp">
      <Filter>Source Files</Filter>
    </ClCompile>
    <ClCompile Include="ObexClient.cpp">
      <Filter>Source Files</Filter>
    </ClCompile>
    <ClCompile Include="ObexConstants.cpp">
      <Filter>Source Files</Filter>
    </ClCompile>
    <ClCompile Include="ObexHeader.cpp">
      <Filter>Source Files</Filter>
    </ClCompile>
    <ClCompile Include="ObexPacket.cpp">
      <Filter>Source Files</Filter>
    </ClCompile>
    <ClCompile Include="ObexPacketSerializer.cpp">
      <Filter>Source Files</Filter>
    </ClCompile>
    <ClCompile Include="ObexServer.cpp">
      <Filter>Source Files</Filter>
    </ClCompile>
    <ClCompile Include="stdafx.cpp">
      <Filter>Source Files</Filter>
    </ClCompile>
    <ClCompile Include="SyncClient.cpp">
      <Filter>Source Files</Filter>
    </ClCompile>
    <ClCompile Include="SyncDictionaryInfo.cpp">
      <Filter>Source Files</Filter>
    </ClCompile>
    <ClCompile Include="SyncLoginAccessor.cpp">
      <Filter>Source Files</Filter>
    </ClCompile>
    <ClCompile Include="SyncMessage.cpp">
      <Filter>Source Files</Filter>
    </ClCompile>
    <ClCompile Include="SyncObexHandler.cpp">
      <Filter>Source Files</Filter>
    </ClCompile>
    <ClCompile Include="SyncRunner.cpp">
      <Filter>Source Files</Filter>
    </ClCompile>
    <ClCompile Include="SyncRunnerActionInvoker.cpp">
      <Filter>Source Files</Filter>
    </ClCompile>
    <ClCompile Include="SyncServiceFactory.cpp">
      <Filter>Source Files</Filter>
    </ClCompile>
    <ClCompile Include="SyncServiceSelectorDlg.cpp">
      <Filter>Source Files</Filter>
    </ClCompile>
    <ClCompile Include="WinBluetoothAdapter.cpp">
      <Filter>Source Files</Filter>
    </ClCompile>
    <ClCompile Include="WinBluetoothNameSetter.cpp">
      <Filter>Source Files</Filter>
    </ClCompile>
    <ClCompile Include="WinBluetoothScanner.cpp">
      <Filter>Source Files</Filter>
    </ClCompile>
    <ClCompile Include="WinObexBluetoothTransport.cpp">
      <Filter>Source Files</Filter>
    </ClCompile>
    <ClCompile Include="zSyncO.cpp">
      <Filter>Source Files</Filter>
    </ClCompile>
  </ItemGroup>
  <ItemGroup>
    <ResourceCompile Include="zSyncO.rc">
      <Filter>Resource Files</Filter>
    </ResourceCompile>
  </ItemGroup>
</Project>